// !$*UTF8*$!
{
	archiveVersion = 1;
	classes = {
	};
	objectVersion = 48;
	objects = {

/* Begin PBXBuildFile section */
		B204BCA7200A70EA0003E3FE /* AudioFeedback.swift in Sources */ = {isa = PBXBuildFile; fileRef = B204BCA6200A70EA0003E3FE /* AudioFeedback.swift */; };
		B204BCA9200A71540003E3FE /* AudioFeedbackTests.swift in Sources */ = {isa = PBXBuildFile; fileRef = B204BCA8200A71540003E3FE /* AudioFeedbackTests.swift */; };
		B21967A12030608A007153D2 /* RoundCornersButton.swift in Sources */ = {isa = PBXBuildFile; fileRef = B21967A02030608A007153D2 /* RoundCornersButton.swift */; };
		B21967A320307211007153D2 /* Colors.swift in Sources */ = {isa = PBXBuildFile; fileRef = B21967A220307211007153D2 /* Colors.swift */; };
		B21967A92039B05D007153D2 /* RunSection.swift in Sources */ = {isa = PBXBuildFile; fileRef = B21967A82039B05D007153D2 /* RunSection.swift */; };
		B229CC9F2250BC54002D4BE6 /* RunSectionTests.swift in Sources */ = {isa = PBXBuildFile; fileRef = B229CC9E2250BC54002D4BE6 /* RunSectionTests.swift */; };
		B241D7261F8A94CB0067A91D /* RunTrackerTests.swift in Sources */ = {isa = PBXBuildFile; fileRef = B241D7251F8A94CB0067A91D /* RunTrackerTests.swift */; };
		B24956741F9C7BF8002DC83E /* CheckpointAnnotationView.swift in Sources */ = {isa = PBXBuildFile; fileRef = B24956731F9C7BF8002DC83E /* CheckpointAnnotationView.swift */; };
		B24956761FA4934B002DC83E /* CoreDataStack.swift in Sources */ = {isa = PBXBuildFile; fileRef = B24956751FA4934B002DC83E /* CoreDataStack.swift */; };
		B24B3A3023D3BDAA007851A3 /* AppCoordinator.swift in Sources */ = {isa = PBXBuildFile; fileRef = B24B3A2F23D3BDAA007851A3 /* AppCoordinator.swift */; };
		B24B3A3223D3BF51007851A3 /* Appearance.swift in Sources */ = {isa = PBXBuildFile; fileRef = B24B3A3123D3BF51007851A3 /* Appearance.swift */; };
		B2528DF11FF19BEE00FE3364 /* RunStatisticsTextProvider.swift in Sources */ = {isa = PBXBuildFile; fileRef = B2528DF01FF19BEE00FE3364 /* RunStatisticsTextProvider.swift */; };
		B2528DF31FF19DC800FE3364 /* RunStatisticsTextProviderTests.swift in Sources */ = {isa = PBXBuildFile; fileRef = B2528DF21FF19DC800FE3364 /* RunStatisticsTextProviderTests.swift */; };
		B2528DF51FF2470B00FE3364 /* DistancesMock.swift in Sources */ = {isa = PBXBuildFile; fileRef = B2528DF41FF2470B00FE3364 /* DistancesMock.swift */; };
		B2528DF71FF2477200FE3364 /* DurationsMock.swift in Sources */ = {isa = PBXBuildFile; fileRef = B2528DF61FF2477200FE3364 /* DurationsMock.swift */; };
		B2528DFB1FF2669400FE3364 /* RunRatingDescription.swift in Sources */ = {isa = PBXBuildFile; fileRef = B2528DFA1FF2669400FE3364 /* RunRatingDescription.swift */; };
		B2534BAB2146A4E300EFEBFE /* Statistics.storyboard in Resources */ = {isa = PBXBuildFile; fileRef = B2534BAA2146A4E300EFEBFE /* Statistics.storyboard */; };
		B2534BAD2146A4F300EFEBFE /* StatisticsViewController.swift in Sources */ = {isa = PBXBuildFile; fileRef = B2534BAC2146A4F300EFEBFE /* StatisticsViewController.swift */; };
		B2534BAF2146AB9E00EFEBFE /* RunStatisticView.xib in Resources */ = {isa = PBXBuildFile; fileRef = B2534BAE2146AB9E00EFEBFE /* RunStatisticView.xib */; };
		B2534BB12146ABB500EFEBFE /* RunStatisticView.swift in Sources */ = {isa = PBXBuildFile; fileRef = B2534BB02146ABB500EFEBFE /* RunStatisticView.swift */; };
		B2534BB32147E73300EFEBFE /* RunProviderMock.swift in Sources */ = {isa = PBXBuildFile; fileRef = B2534BB22147E73300EFEBFE /* RunProviderMock.swift */; };
		B2534BB7214806D200EFEBFE /* CoreDataRunTests.swift in Sources */ = {isa = PBXBuildFile; fileRef = B2534BB6214806D200EFEBFE /* CoreDataRunTests.swift */; };
		B2534BB921480BB700EFEBFE /* ManagedRunObjectTests.swift in Sources */ = {isa = PBXBuildFile; fileRef = B2534BB821480BB700EFEBFE /* ManagedRunObjectTests.swift */; };
		B2534BBB21480C3800EFEBFE /* LocationSegmentExtensionsTests.swift in Sources */ = {isa = PBXBuildFile; fileRef = B2534BBA21480C3800EFEBFE /* LocationSegmentExtensionsTests.swift */; };
		B2562CEF2451029C0011B534 /* RunRepositoryTests.swift in Sources */ = {isa = PBXBuildFile; fileRef = B2562CEE2451029C0011B534 /* RunRepositoryTests.swift */; };
		B2562CF1245381B00011B534 /* ChartView.swift in Sources */ = {isa = PBXBuildFile; fileRef = B2562CF0245381B00011B534 /* ChartView.swift */; };
		B2574E4125852F4600025383 /* HealthKit.framework in Frameworks */ = {isa = PBXBuildFile; fileRef = B27208A321402922009DCE7D /* HealthKit.framework */; };
		B25D5703214151AF00BC2C0D /* Run.swift in Sources */ = {isa = PBXBuildFile; fileRef = B25D5702214151AF00BC2C0D /* Run.swift */; };
		B25D5705214151D800BC2C0D /* CoreDataRun.swift in Sources */ = {isa = PBXBuildFile; fileRef = B25D5704214151D800BC2C0D /* CoreDataRun.swift */; };
		B25D57072141521E00BC2C0D /* CoreDataRunProvider.swift in Sources */ = {isa = PBXBuildFile; fileRef = B25D57062141521E00BC2C0D /* CoreDataRunProvider.swift */; };
		B25D57092141625E00BC2C0D /* HealthKitRun.swift in Sources */ = {isa = PBXBuildFile; fileRef = B25D57082141625E00BC2C0D /* HealthKitRun.swift */; };
		B25D570B2141703200BC2C0D /* RunsExtensions.swift in Sources */ = {isa = PBXBuildFile; fileRef = B25D570A2141703200BC2C0D /* RunsExtensions.swift */; };
		B25D570D2141835200BC2C0D /* RunPersister.swift in Sources */ = {isa = PBXBuildFile; fileRef = B25D570C2141835200BC2C0D /* RunPersister.swift */; };
		B25D570F2141838800BC2C0D /* CoreDataRunPersister.swift in Sources */ = {isa = PBXBuildFile; fileRef = B25D570E2141838800BC2C0D /* CoreDataRunPersister.swift */; };
		B25D57132142AA4300BC2C0D /* LocationSegmentsExtensions.swift in Sources */ = {isa = PBXBuildFile; fileRef = B25D57122142AA4300BC2C0D /* LocationSegmentsExtensions.swift */; };
		B25DB237201E27170089144E /* AudioFeedbackControllerTests.swift in Sources */ = {isa = PBXBuildFile; fileRef = B25DB236201E27170089144E /* AudioFeedbackControllerTests.swift */; };
		B25F2A53261A5AEF00833AA1 /* RunometerNavigationController.swift in Sources */ = {isa = PBXBuildFile; fileRef = B25F2A52261A5AEF00833AA1 /* RunometerNavigationController.swift */; };
		B25F2A59261A5B0F00833AA1 /* UIViewControllerExtensions.swift in Sources */ = {isa = PBXBuildFile; fileRef = B25F2A58261A5B0F00833AA1 /* UIViewControllerExtensions.swift */; };
		B25F2A63262204F700833AA1 /* DependencyContainer.swift in Sources */ = {isa = PBXBuildFile; fileRef = B25F2A62262204F700833AA1 /* DependencyContainer.swift */; };
		B25F2A6D2622093E00833AA1 /* DependencyContainerTests.swift in Sources */ = {isa = PBXBuildFile; fileRef = B25F2A6C2622093E00833AA1 /* DependencyContainerTests.swift */; };
		B25F2A7626220FE500833AA1 /* DependencyContainer.swift in Sources */ = {isa = PBXBuildFile; fileRef = B25F2A62262204F700833AA1 /* DependencyContainer.swift */; };
		B25F2A7C2622223900833AA1 /* DependencyManager.swift in Sources */ = {isa = PBXBuildFile; fileRef = B25F2A7B2622223900833AA1 /* DependencyManager.swift */; };
		B25F2A82262222EA00833AA1 /* MockRunProvider.swift in Sources */ = {isa = PBXBuildFile; fileRef = B25F2A81262222EA00833AA1 /* MockRunProvider.swift */; };
		B25F2A872622230400833AA1 /* DependencyManager.swift in Sources */ = {isa = PBXBuildFile; fileRef = B25F2A7B2622223900833AA1 /* DependencyManager.swift */; };
		B25FE7A21F88BCAC001B1BF1 /* HUDView.swift in Sources */ = {isa = PBXBuildFile; fileRef = B25FE7A11F88BCAC001B1BF1 /* HUDView.swift */; };
		B25FE7A61F88D934001B1BF1 /* DistanceFormatter.swift in Sources */ = {isa = PBXBuildFile; fileRef = B25FE7A51F88D934001B1BF1 /* DistanceFormatter.swift */; };
		B25FE7A81F88E661001B1BF1 /* TimeFormatter.swift in Sources */ = {isa = PBXBuildFile; fileRef = B25FE7A71F88E661001B1BF1 /* TimeFormatter.swift */; };
		B25FE7AA1F88E6F7001B1BF1 /* PaceFormatter.swift in Sources */ = {isa = PBXBuildFile; fileRef = B25FE7A91F88E6F7001B1BF1 /* PaceFormatter.swift */; };
		B25FE7AC1F8A33B0001B1BF1 /* PaceFormatterTests.swift in Sources */ = {isa = PBXBuildFile; fileRef = B25FE7AB1F8A33B0001B1BF1 /* PaceFormatterTests.swift */; };
		B25FE7B01F8A3A9C001B1BF1 /* PaceCalculator.swift in Sources */ = {isa = PBXBuildFile; fileRef = B25FE7AF1F8A3A9C001B1BF1 /* PaceCalculator.swift */; };
		B25FE7B21F8A5075001B1BF1 /* Units.swift in Sources */ = {isa = PBXBuildFile; fileRef = B25FE7B11F8A5075001B1BF1 /* Units.swift */; };
		B25FE7B41F8A513D001B1BF1 /* DistanceFormatterTests.swift in Sources */ = {isa = PBXBuildFile; fileRef = B25FE7B31F8A513D001B1BF1 /* DistanceFormatterTests.swift */; };
		B25FE7B61F8A514B001B1BF1 /* TimeFormatterTests.swift in Sources */ = {isa = PBXBuildFile; fileRef = B25FE7B51F8A514B001B1BF1 /* TimeFormatterTests.swift */; };
		B2618932214A982D008BA04A /* RunStatistic.swift in Sources */ = {isa = PBXBuildFile; fileRef = B2618931214A982C008BA04A /* RunStatistic.swift */; };
		B2618934214A9CC3008BA04A /* RunStatisticsDetailTransition.swift in Sources */ = {isa = PBXBuildFile; fileRef = B2618933214A9CC3008BA04A /* RunStatisticsDetailTransition.swift */; };
		B2618936214A9FE2008BA04A /* RunStatisticDetailViewController.swift in Sources */ = {isa = PBXBuildFile; fileRef = B2618935214A9FE2008BA04A /* RunStatisticDetailViewController.swift */; };
		B261AD6825CF4613004904F3 /* ChartTableViewCell.swift in Sources */ = {isa = PBXBuildFile; fileRef = B261AD6625CF4613004904F3 /* ChartTableViewCell.swift */; };
		B261ADA525D9AB29004904F3 /* RunMock.swift in Sources */ = {isa = PBXBuildFile; fileRef = B2534BB42147EA8100EFEBFE /* RunMock.swift */; };
		B261ADAA25D9AB62004904F3 /* RunMock.swift in Sources */ = {isa = PBXBuildFile; fileRef = B2534BB42147EA8100EFEBFE /* RunMock.swift */; };
		B2720899213D47E1009DCE7D /* RunRatingCollectionViewCell.swift in Sources */ = {isa = PBXBuildFile; fileRef = B2720898213D47E1009DCE7D /* RunRatingCollectionViewCell.swift */; };
		B272089B213D6380009DCE7D /* RunRatingsView.swift in Sources */ = {isa = PBXBuildFile; fileRef = B272089A213D6380009DCE7D /* RunRatingsView.swift */; };
		B272089E213E699F009DCE7D /* RunRatingProvider.swift in Sources */ = {isa = PBXBuildFile; fileRef = B272089D213E699F009DCE7D /* RunRatingProvider.swift */; };
		B27208A0213E6B15009DCE7D /* RunRating.swift in Sources */ = {isa = PBXBuildFile; fileRef = B272089F213E6B15009DCE7D /* RunRating.swift */; };
		B27208A421402922009DCE7D /* HealthKit.framework in Frameworks */ = {isa = PBXBuildFile; fileRef = B27208A321402922009DCE7D /* HealthKit.framework */; };
		B27208A621402993009DCE7D /* HealthKitRunProvider.swift in Sources */ = {isa = PBXBuildFile; fileRef = B27208A521402993009DCE7D /* HealthKitRunProvider.swift */; };
		B2729FDF244A3934007E4FCB /* UIViewExtensions.swift in Sources */ = {isa = PBXBuildFile; fileRef = B2729FDE244A3934007E4FCB /* UIViewExtensions.swift */; };
		B273D872244D273B00E373F8 /* StatisticsViewModel.swift in Sources */ = {isa = PBXBuildFile; fileRef = B273D871244D273B00E373F8 /* StatisticsViewModel.swift */; };
		B273D874244D27AC00E373F8 /* RunStatisticsFilterViewController.swift in Sources */ = {isa = PBXBuildFile; fileRef = B273D873244D27AC00E373F8 /* RunStatisticsFilterViewController.swift */; };
		B273D876244E132B00E373F8 /* StringExtensions.swift in Sources */ = {isa = PBXBuildFile; fileRef = B273D875244E132B00E373F8 /* StringExtensions.swift */; };
		B276ECF22015321B0036F327 /* AudioFeedbackController.swift in Sources */ = {isa = PBXBuildFile; fileRef = B276ECF12015321B0036F327 /* AudioFeedbackController.swift */; };
		B279EC9A2448CFA6009827B0 /* UITableViewExtensions.swift in Sources */ = {isa = PBXBuildFile; fileRef = B279EC992448CFA6009827B0 /* UITableViewExtensions.swift */; };
		B27F18ED25747C510061D3B9 /* RunFilter.swift in Sources */ = {isa = PBXBuildFile; fileRef = B27F18EC25747C510061D3B9 /* RunFilter.swift */; };
		B27F18EE25747C510061D3B9 /* RunFilter.swift in Sources */ = {isa = PBXBuildFile; fileRef = B27F18EC25747C510061D3B9 /* RunFilter.swift */; };
		B27F18F425747D090061D3B9 /* DateExtensions.swift in Sources */ = {isa = PBXBuildFile; fileRef = B27F18F325747D090061D3B9 /* DateExtensions.swift */; };
		B27F18F525747D090061D3B9 /* DateExtensions.swift in Sources */ = {isa = PBXBuildFile; fileRef = B27F18F325747D090061D3B9 /* DateExtensions.swift */; };
		B27F190A257D9FD30061D3B9 /* CoreDataProviderTests.swift in Sources */ = {isa = PBXBuildFile; fileRef = B27F1909257D9FD30061D3B9 /* CoreDataProviderTests.swift */; };
		B27F634D1FA5B9E700C2116F /* PastRunsViewController.swift in Sources */ = {isa = PBXBuildFile; fileRef = B27F634C1FA5B9E700C2116F /* PastRunsViewController.swift */; };
		B27F634F1FA5BA0200C2116F /* PastRuns.storyboard in Resources */ = {isa = PBXBuildFile; fileRef = B27F634E1FA5BA0200C2116F /* PastRuns.storyboard */; };
		B27F63511FA5BFA400C2116F /* PastRunTableViewCell.swift in Sources */ = {isa = PBXBuildFile; fileRef = B27F63501FA5BFA400C2116F /* PastRunTableViewCell.swift */; };
		B27F63541FA5CEA800C2116F /* RunDetailsViewController.swift in Sources */ = {isa = PBXBuildFile; fileRef = B27F63531FA5CEA800C2116F /* RunDetailsViewController.swift */; };
		B27F63561FA5CEB100C2116F /* RunDetails.storyboard in Resources */ = {isa = PBXBuildFile; fileRef = B27F63551FA5CEB100C2116F /* RunDetails.storyboard */; };
		B27F63581FA5E69700C2116F /* RunDataSummaryView.swift in Sources */ = {isa = PBXBuildFile; fileRef = B27F63571FA5E69700C2116F /* RunDataSummaryView.swift */; };
		B28AF1D02448B134005C288E /* RunometerVisualEffectView.swift in Sources */ = {isa = PBXBuildFile; fileRef = B28AF1CF2448B134005C288E /* RunometerVisualEffectView.swift */; };
		B28D7DD5237615D800817E45 /* Colors.xcassets in Resources */ = {isa = PBXBuildFile; fileRef = B28D7DD4237615D800817E45 /* Colors.xcassets */; };
		B28F81BD1F93CE8C000BBA18 /* CheckpointAnnotation.swift in Sources */ = {isa = PBXBuildFile; fileRef = B28F81BC1F93CE8C000BBA18 /* CheckpointAnnotation.swift */; };
		B28F81BF1F93D888000BBA18 /* Checkpoint.swift in Sources */ = {isa = PBXBuildFile; fileRef = B28F81BE1F93D888000BBA18 /* Checkpoint.swift */; };
		B2A268C625700F4A00C79AC2 /* WidgetKit.framework in Frameworks */ = {isa = PBXBuildFile; fileRef = B2A268C525700F4A00C79AC2 /* WidgetKit.framework */; };
		B2A268C825700F4A00C79AC2 /* SwiftUI.framework in Frameworks */ = {isa = PBXBuildFile; fileRef = B2A268C725700F4A00C79AC2 /* SwiftUI.framework */; };
		B2A268CB25700F4A00C79AC2 /* RunStatisticWidget.swift in Sources */ = {isa = PBXBuildFile; fileRef = B2A268CA25700F4A00C79AC2 /* RunStatisticWidget.swift */; };
		B2A268CE25700F4B00C79AC2 /* Assets.xcassets in Resources */ = {isa = PBXBuildFile; fileRef = B2A268CD25700F4B00C79AC2 /* Assets.xcassets */; };
		B2A268D025700F4B00C79AC2 /* RunStatisticWidget.intentdefinition in Sources */ = {isa = PBXBuildFile; fileRef = B2A268CC25700F4A00C79AC2 /* RunStatisticWidget.intentdefinition */; };
		B2A268D125700F4B00C79AC2 /* RunStatisticWidget.intentdefinition in Sources */ = {isa = PBXBuildFile; fileRef = B2A268CC25700F4A00C79AC2 /* RunStatisticWidget.intentdefinition */; };
		B2A268D425700F4B00C79AC2 /* RunStatisticWidgetExtension.appex in Embed App Extensions */ = {isa = PBXBuildFile; fileRef = B2A268C425700F4A00C79AC2 /* RunStatisticWidgetExtension.appex */; settings = {ATTRIBUTES = (RemoveHeadersOnCopy, ); }; };
		B2A268DD2570110400C79AC2 /* Run.swift in Sources */ = {isa = PBXBuildFile; fileRef = B25D5702214151AF00BC2C0D /* Run.swift */; };
		B2A268E22570111B00C79AC2 /* DistanceFormatter.swift in Sources */ = {isa = PBXBuildFile; fileRef = B25FE7A51F88D934001B1BF1 /* DistanceFormatter.swift */; };
		B2A268E72570111F00C79AC2 /* TimeFormatter.swift in Sources */ = {isa = PBXBuildFile; fileRef = B25FE7A71F88E661001B1BF1 /* TimeFormatter.swift */; };
		B2A268EC2570112200C79AC2 /* PaceFormatter.swift in Sources */ = {isa = PBXBuildFile; fileRef = B25FE7A91F88E6F7001B1BF1 /* PaceFormatter.swift */; };
		B2A268F12570112400C79AC2 /* PaceCalculator.swift in Sources */ = {isa = PBXBuildFile; fileRef = B25FE7AF1F8A3A9C001B1BF1 /* PaceCalculator.swift */; };
		B2A268F62570112700C79AC2 /* Units.swift in Sources */ = {isa = PBXBuildFile; fileRef = B25FE7B11F8A5075001B1BF1 /* Units.swift */; };
		B2A268FB2570114000C79AC2 /* Settings.swift in Sources */ = {isa = PBXBuildFile; fileRef = B2F1C7211FC0BDC8001AC4DF /* Settings.swift */; };
		B2A269002570116300C79AC2 /* AudioTrigger.swift in Sources */ = {isa = PBXBuildFile; fileRef = B2F1C7231FC0CE16001AC4DF /* AudioTrigger.swift */; };
		B2A269052570126000C79AC2 /* RunRepository.swift in Sources */ = {isa = PBXBuildFile; fileRef = B2F2DDE6244B9B4400A44E7E /* RunRepository.swift */; };
		B2A2690A2570128900C79AC2 /* RunProvider.swift in Sources */ = {isa = PBXBuildFile; fileRef = B2A931191FADCA77006FEACB /* RunProvider.swift */; };
		B2A2690F2570130900C79AC2 /* CoreDataRunProvider.swift in Sources */ = {isa = PBXBuildFile; fileRef = B25D57062141521E00BC2C0D /* CoreDataRunProvider.swift */; };
		B2A269142570131200C79AC2 /* HealthKitRunProvider.swift in Sources */ = {isa = PBXBuildFile; fileRef = B27208A521402993009DCE7D /* HealthKitRunProvider.swift */; };
		B2A269192570132200C79AC2 /* HealthKitRun.swift in Sources */ = {isa = PBXBuildFile; fileRef = B25D57082141625E00BC2C0D /* HealthKitRun.swift */; };
		B2A2691E2570132700C79AC2 /* CoreDataRun.swift in Sources */ = {isa = PBXBuildFile; fileRef = B25D5704214151D800BC2C0D /* CoreDataRun.swift */; };
		B2A269232570133300C79AC2 /* CoreDataStack.swift in Sources */ = {isa = PBXBuildFile; fileRef = B24956751FA4934B002DC83E /* CoreDataStack.swift */; };
		B2A269282570133E00C79AC2 /* ManagedRunObjectExtensions.swift in Sources */ = {isa = PBXBuildFile; fileRef = B2C261021FA6209100E69E9D /* ManagedRunObjectExtensions.swift */; };
		B2A2692D2570138500C79AC2 /* Runometer.xcdatamodeld in Sources */ = {isa = PBXBuildFile; fileRef = B2B054F81F80C55600292EB3 /* Runometer.xcdatamodeld */; };
		B2A2693225732AE900C79AC2 /* Statistics.swift in Sources */ = {isa = PBXBuildFile; fileRef = B2BE7B992148F52700902720 /* Statistics.swift */; };
		B2A2693725732AF900C79AC2 /* RunStatistic.swift in Sources */ = {isa = PBXBuildFile; fileRef = B2618931214A982C008BA04A /* RunStatistic.swift */; };
		B2A9311A1FADCA77006FEACB /* RunProvider.swift in Sources */ = {isa = PBXBuildFile; fileRef = B2A931191FADCA77006FEACB /* RunProvider.swift */; };
		B2A9311C1FAF0553006FEACB /* MKMapViewExtensionsTests.swift in Sources */ = {isa = PBXBuildFile; fileRef = B2A9311B1FAF0553006FEACB /* MKMapViewExtensionsTests.swift */; };
		B2A9311E1FAF06C5006FEACB /* MKPolyLineExtensions.swift in Sources */ = {isa = PBXBuildFile; fileRef = B2A9311D1FAF06C5006FEACB /* MKPolyLineExtensions.swift */; };
		B2A931201FAF06F7006FEACB /* MKPolylineExtensionTests.swift in Sources */ = {isa = PBXBuildFile; fileRef = B2A9311F1FAF06F7006FEACB /* MKPolylineExtensionTests.swift */; };
		B2A931221FAF0CD2006FEACB /* MKCoordinateRegionExtensions.swift in Sources */ = {isa = PBXBuildFile; fileRef = B2A931211FAF0CD2006FEACB /* MKCoordinateRegionExtensions.swift */; };
		B2A931241FAF11CE006FEACB /* MKCoordinateRegionExtensionsTests.swift in Sources */ = {isa = PBXBuildFile; fileRef = B2A931231FAF11CE006FEACB /* MKCoordinateRegionExtensionsTests.swift */; };
		B2B054F21F80C55600292EB3 /* AppDelegate.swift in Sources */ = {isa = PBXBuildFile; fileRef = B2B054F11F80C55600292EB3 /* AppDelegate.swift */; };
		B2B054F71F80C55600292EB3 /* Main.storyboard in Resources */ = {isa = PBXBuildFile; fileRef = B2B054F51F80C55600292EB3 /* Main.storyboard */; };
		B2B054FA1F80C55600292EB3 /* Runometer.xcdatamodeld in Sources */ = {isa = PBXBuildFile; fileRef = B2B054F81F80C55600292EB3 /* Runometer.xcdatamodeld */; };
		B2B054FC1F80C55600292EB3 /* Assets.xcassets in Resources */ = {isa = PBXBuildFile; fileRef = B2B054FB1F80C55600292EB3 /* Assets.xcassets */; };
		B2B054FF1F80C55600292EB3 /* LaunchScreen.storyboard in Resources */ = {isa = PBXBuildFile; fileRef = B2B054FD1F80C55600292EB3 /* LaunchScreen.storyboard */; };
		B2B055151F80C55600292EB3 /* RunometerUITests.swift in Sources */ = {isa = PBXBuildFile; fileRef = B2B055141F80C55600292EB3 /* RunometerUITests.swift */; };
		B2B055231F80D6A200292EB3 /* RunViewController.swift in Sources */ = {isa = PBXBuildFile; fileRef = B2B055221F80D6A200292EB3 /* RunViewController.swift */; };
		B2B055251F80D7B800292EB3 /* Run.storyboard in Resources */ = {isa = PBXBuildFile; fileRef = B2B055241F80D7B800292EB3 /* Run.storyboard */; };
		B2B055281F80E24E00292EB3 /* RunTracker.swift in Sources */ = {isa = PBXBuildFile; fileRef = B2B055271F80E24E00292EB3 /* RunTracker.swift */; };
		B2B1B18F1FC994DC00C579FE /* RunometerView.swift in Sources */ = {isa = PBXBuildFile; fileRef = B2B1B18E1FC994DC00C579FE /* RunometerView.swift */; };
		B2B1B1941FC9B7E500C579FE /* RunRatingCalculator.swift in Sources */ = {isa = PBXBuildFile; fileRef = B2B1B1931FC9B7E500C579FE /* RunRatingCalculator.swift */; };
		B2B1B1961FC9D67000C579FE /* RunRatingTests.swift in Sources */ = {isa = PBXBuildFile; fileRef = B2B1B1951FC9D67000C579FE /* RunRatingTests.swift */; };
		B2B1B1981FCA2B0E00C579FE /* RunProviderTests.swift in Sources */ = {isa = PBXBuildFile; fileRef = B2B1B1971FCA2B0E00C579FE /* RunProviderTests.swift */; };
		B2BAAD5D20A45BA7000117FB /* SettingsTests.swift in Sources */ = {isa = PBXBuildFile; fileRef = B2BAAD5C20A45BA7000117FB /* SettingsTests.swift */; };
		B2BE7B9A2148F52700902720 /* Statistics.swift in Sources */ = {isa = PBXBuildFile; fileRef = B2BE7B992148F52700902720 /* Statistics.swift */; };
		B2BE7B9C2148F8D600902720 /* StatisticsProvider.swift in Sources */ = {isa = PBXBuildFile; fileRef = B2BE7B9B2148F8D600902720 /* StatisticsProvider.swift */; };
		B2BE7B9E2148F96C00902720 /* RunStatisticCollectionViewCell.swift in Sources */ = {isa = PBXBuildFile; fileRef = B2BE7B9D2148F96C00902720 /* RunStatisticCollectionViewCell.swift */; };
		B2C260FF1FA5FD3100E69E9D /* MKMapViewExtensions.swift in Sources */ = {isa = PBXBuildFile; fileRef = B2C260FE1FA5FD3100E69E9D /* MKMapViewExtensions.swift */; };
		B2C261011FA5FF5A00E69E9D /* RunSummaryMapView.swift in Sources */ = {isa = PBXBuildFile; fileRef = B2C261001FA5FF5A00E69E9D /* RunSummaryMapView.swift */; };
		B2C261031FA6209100E69E9D /* ManagedRunObjectExtensions.swift in Sources */ = {isa = PBXBuildFile; fileRef = B2C261021FA6209100E69E9D /* ManagedRunObjectExtensions.swift */; };
		B2C261051FA6275C00E69E9D /* RunTests.swift in Sources */ = {isa = PBXBuildFile; fileRef = B2C261041FA6275C00E69E9D /* RunTests.swift */; };
		B2C261071FA6299900E69E9D /* CoreDataHelper.swift in Sources */ = {isa = PBXBuildFile; fileRef = B2C261061FA6299900E69E9D /* CoreDataHelper.swift */; };
		B2DCA0C1202B916500AB29E7 /* MapViewController.swift in Sources */ = {isa = PBXBuildFile; fileRef = B2DCA0C0202B916500AB29E7 /* MapViewController.swift */; };
		B2DE4090244D04C4006299F0 /* RunStatisticFilterCollectionViewCell.swift in Sources */ = {isa = PBXBuildFile; fileRef = B2DE408F244D04C4006299F0 /* RunStatisticFilterCollectionViewCell.swift */; };
		B2EF80C020A850A200457800 /* PastRunsTableViewSectionHeaderView.swift in Sources */ = {isa = PBXBuildFile; fileRef = B2EF80BF20A850A200457800 /* PastRunsTableViewSectionHeaderView.swift */; };
		B2EF80C220A850C300457800 /* PastRunsTableViewSectionHeaderView.xib in Resources */ = {isa = PBXBuildFile; fileRef = B2EF80C120A850C300457800 /* PastRunsTableViewSectionHeaderView.xib */; };
		B2F1C7191FC05660001AC4DF /* SplitTimesViewController.swift in Sources */ = {isa = PBXBuildFile; fileRef = B2F1C7181FC05660001AC4DF /* SplitTimesViewController.swift */; };
		B2F1C71C1FC0AE41001AC4DF /* Settings.storyboard in Resources */ = {isa = PBXBuildFile; fileRef = B2F1C71B1FC0AE41001AC4DF /* Settings.storyboard */; };
		B2F1C71E1FC0AED2001AC4DF /* SettingsTableViewController.swift in Sources */ = {isa = PBXBuildFile; fileRef = B2F1C71D1FC0AED2001AC4DF /* SettingsTableViewController.swift */; };
		B2F1C7221FC0BDC8001AC4DF /* Settings.swift in Sources */ = {isa = PBXBuildFile; fileRef = B2F1C7211FC0BDC8001AC4DF /* Settings.swift */; };
		B2F1C7241FC0CE16001AC4DF /* AudioTrigger.swift in Sources */ = {isa = PBXBuildFile; fileRef = B2F1C7231FC0CE16001AC4DF /* AudioTrigger.swift */; };
		B2F1C72D1FC17EE5001AC4DF /* SettingsMock.swift in Sources */ = {isa = PBXBuildFile; fileRef = B2F1C72C1FC17EE5001AC4DF /* SettingsMock.swift */; };
		B2F1C7311FC18846001AC4DF /* AudioIntervalSelectionTableViewController.swift in Sources */ = {isa = PBXBuildFile; fileRef = B2F1C7301FC18846001AC4DF /* AudioIntervalSelectionTableViewController.swift */; };
		B2F1C7371FC1A544001AC4DF /* DoubleExtensions.swift in Sources */ = {isa = PBXBuildFile; fileRef = B2F1C7361FC1A544001AC4DF /* DoubleExtensions.swift */; };
		B2F1C7391FC1A7D5001AC4DF /* DoubleExtensionsTests.swift in Sources */ = {isa = PBXBuildFile; fileRef = B2F1C7381FC1A7D5001AC4DF /* DoubleExtensionsTests.swift */; };
		B2F2DDE7244B9B4400A44E7E /* RunRepository.swift in Sources */ = {isa = PBXBuildFile; fileRef = B2F2DDE6244B9B4400A44E7E /* RunRepository.swift */; };
		B2F856C420A6E4BB00A9414D /* HomeViewController.swift in Sources */ = {isa = PBXBuildFile; fileRef = B2F856C320A6E4BB00A9414D /* HomeViewController.swift */; };
/* End PBXBuildFile section */

/* Begin PBXContainerItemProxy section */
		B2A268D225700F4B00C79AC2 /* PBXContainerItemProxy */ = {
			isa = PBXContainerItemProxy;
			containerPortal = B2B054E61F80C55600292EB3 /* Project object */;
			proxyType = 1;
			remoteGlobalIDString = B2A268C325700F4A00C79AC2;
			remoteInfo = DistanceWidgetExtension;
		};
		B2B055061F80C55600292EB3 /* PBXContainerItemProxy */ = {
			isa = PBXContainerItemProxy;
			containerPortal = B2B054E61F80C55600292EB3 /* Project object */;
			proxyType = 1;
			remoteGlobalIDString = B2B054ED1F80C55600292EB3;
			remoteInfo = Runometer;
		};
		B2B055111F80C55600292EB3 /* PBXContainerItemProxy */ = {
			isa = PBXContainerItemProxy;
			containerPortal = B2B054E61F80C55600292EB3 /* Project object */;
			proxyType = 1;
			remoteGlobalIDString = B2B054ED1F80C55600292EB3;
			remoteInfo = Runometer;
		};
/* End PBXContainerItemProxy section */

/* Begin PBXCopyFilesBuildPhase section */
		B2A268D525700F4B00C79AC2 /* Embed App Extensions */ = {
			isa = PBXCopyFilesBuildPhase;
			buildActionMask = 2147483647;
			dstPath = "";
			dstSubfolderSpec = 13;
			files = (
				B2A268D425700F4B00C79AC2 /* RunStatisticWidgetExtension.appex in Embed App Extensions */,
			);
			name = "Embed App Extensions";
			runOnlyForDeploymentPostprocessing = 0;
		};
/* End PBXCopyFilesBuildPhase section */

/* Begin PBXFileReference section */
		B204BCA6200A70EA0003E3FE /* AudioFeedback.swift */ = {isa = PBXFileReference; lastKnownFileType = sourcecode.swift; path = AudioFeedback.swift; sourceTree = "<group>"; };
		B204BCA8200A71540003E3FE /* AudioFeedbackTests.swift */ = {isa = PBXFileReference; lastKnownFileType = sourcecode.swift; path = AudioFeedbackTests.swift; sourceTree = "<group>"; };
		B21967A02030608A007153D2 /* RoundCornersButton.swift */ = {isa = PBXFileReference; lastKnownFileType = sourcecode.swift; path = RoundCornersButton.swift; sourceTree = "<group>"; };
		B21967A220307211007153D2 /* Colors.swift */ = {isa = PBXFileReference; lastKnownFileType = sourcecode.swift; path = Colors.swift; sourceTree = "<group>"; };
		B21967A82039B05D007153D2 /* RunSection.swift */ = {isa = PBXFileReference; lastKnownFileType = sourcecode.swift; path = RunSection.swift; sourceTree = "<group>"; };
		B229CC9E2250BC54002D4BE6 /* RunSectionTests.swift */ = {isa = PBXFileReference; lastKnownFileType = sourcecode.swift; path = RunSectionTests.swift; sourceTree = "<group>"; };
		B241D7251F8A94CB0067A91D /* RunTrackerTests.swift */ = {isa = PBXFileReference; lastKnownFileType = sourcecode.swift; path = RunTrackerTests.swift; sourceTree = "<group>"; };
		B24956731F9C7BF8002DC83E /* CheckpointAnnotationView.swift */ = {isa = PBXFileReference; lastKnownFileType = sourcecode.swift; path = CheckpointAnnotationView.swift; sourceTree = "<group>"; };
		B24956751FA4934B002DC83E /* CoreDataStack.swift */ = {isa = PBXFileReference; lastKnownFileType = sourcecode.swift; path = CoreDataStack.swift; sourceTree = "<group>"; };
		B24B3A2F23D3BDAA007851A3 /* AppCoordinator.swift */ = {isa = PBXFileReference; lastKnownFileType = sourcecode.swift; path = AppCoordinator.swift; sourceTree = "<group>"; };
		B24B3A3123D3BF51007851A3 /* Appearance.swift */ = {isa = PBXFileReference; lastKnownFileType = sourcecode.swift; path = Appearance.swift; sourceTree = "<group>"; };
		B2528DF01FF19BEE00FE3364 /* RunStatisticsTextProvider.swift */ = {isa = PBXFileReference; lastKnownFileType = sourcecode.swift; path = RunStatisticsTextProvider.swift; sourceTree = "<group>"; };
		B2528DF21FF19DC800FE3364 /* RunStatisticsTextProviderTests.swift */ = {isa = PBXFileReference; lastKnownFileType = sourcecode.swift; path = RunStatisticsTextProviderTests.swift; sourceTree = "<group>"; };
		B2528DF41FF2470B00FE3364 /* DistancesMock.swift */ = {isa = PBXFileReference; lastKnownFileType = sourcecode.swift; path = DistancesMock.swift; sourceTree = "<group>"; };
		B2528DF61FF2477200FE3364 /* DurationsMock.swift */ = {isa = PBXFileReference; lastKnownFileType = sourcecode.swift; path = DurationsMock.swift; sourceTree = "<group>"; };
		B2528DFA1FF2669400FE3364 /* RunRatingDescription.swift */ = {isa = PBXFileReference; lastKnownFileType = sourcecode.swift; path = RunRatingDescription.swift; sourceTree = "<group>"; };
		B2534BAA2146A4E300EFEBFE /* Statistics.storyboard */ = {isa = PBXFileReference; lastKnownFileType = file.storyboard; path = Statistics.storyboard; sourceTree = "<group>"; };
		B2534BAC2146A4F300EFEBFE /* StatisticsViewController.swift */ = {isa = PBXFileReference; lastKnownFileType = sourcecode.swift; path = StatisticsViewController.swift; sourceTree = "<group>"; };
		B2534BAE2146AB9E00EFEBFE /* RunStatisticView.xib */ = {isa = PBXFileReference; lastKnownFileType = file.xib; name = RunStatisticView.xib; path = Runometer/Modules/Statistics/RunStatisticView.xib; sourceTree = SOURCE_ROOT; };
		B2534BB02146ABB500EFEBFE /* RunStatisticView.swift */ = {isa = PBXFileReference; lastKnownFileType = sourcecode.swift; path = RunStatisticView.swift; sourceTree = "<group>"; };
		B2534BB22147E73300EFEBFE /* RunProviderMock.swift */ = {isa = PBXFileReference; lastKnownFileType = sourcecode.swift; path = RunProviderMock.swift; sourceTree = "<group>"; };
		B2534BB42147EA8100EFEBFE /* RunMock.swift */ = {isa = PBXFileReference; lastKnownFileType = sourcecode.swift; path = RunMock.swift; sourceTree = "<group>"; };
		B2534BB6214806D200EFEBFE /* CoreDataRunTests.swift */ = {isa = PBXFileReference; lastKnownFileType = sourcecode.swift; path = CoreDataRunTests.swift; sourceTree = "<group>"; };
		B2534BB821480BB700EFEBFE /* ManagedRunObjectTests.swift */ = {isa = PBXFileReference; lastKnownFileType = sourcecode.swift; path = ManagedRunObjectTests.swift; sourceTree = "<group>"; };
		B2534BBA21480C3800EFEBFE /* LocationSegmentExtensionsTests.swift */ = {isa = PBXFileReference; lastKnownFileType = sourcecode.swift; path = LocationSegmentExtensionsTests.swift; sourceTree = "<group>"; };
		B2562CEE2451029C0011B534 /* RunRepositoryTests.swift */ = {isa = PBXFileReference; lastKnownFileType = sourcecode.swift; path = RunRepositoryTests.swift; sourceTree = "<group>"; };
		B2562CF0245381B00011B534 /* ChartView.swift */ = {isa = PBXFileReference; lastKnownFileType = sourcecode.swift; path = ChartView.swift; sourceTree = "<group>"; };
		B2574E3C25852DF400025383 /* RunStatisticWidgetExtension.entitlements */ = {isa = PBXFileReference; lastKnownFileType = text.plist.entitlements; path = RunStatisticWidgetExtension.entitlements; sourceTree = "<group>"; };
		B25D5702214151AF00BC2C0D /* Run.swift */ = {isa = PBXFileReference; lastKnownFileType = sourcecode.swift; path = Run.swift; sourceTree = "<group>"; };
		B25D5704214151D800BC2C0D /* CoreDataRun.swift */ = {isa = PBXFileReference; lastKnownFileType = sourcecode.swift; path = CoreDataRun.swift; sourceTree = "<group>"; };
		B25D57062141521E00BC2C0D /* CoreDataRunProvider.swift */ = {isa = PBXFileReference; lastKnownFileType = sourcecode.swift; path = CoreDataRunProvider.swift; sourceTree = "<group>"; };
		B25D57082141625E00BC2C0D /* HealthKitRun.swift */ = {isa = PBXFileReference; lastKnownFileType = sourcecode.swift; path = HealthKitRun.swift; sourceTree = "<group>"; };
		B25D570A2141703200BC2C0D /* RunsExtensions.swift */ = {isa = PBXFileReference; lastKnownFileType = sourcecode.swift; path = RunsExtensions.swift; sourceTree = "<group>"; };
		B25D570C2141835200BC2C0D /* RunPersister.swift */ = {isa = PBXFileReference; lastKnownFileType = sourcecode.swift; path = RunPersister.swift; sourceTree = "<group>"; };
		B25D570E2141838800BC2C0D /* CoreDataRunPersister.swift */ = {isa = PBXFileReference; lastKnownFileType = sourcecode.swift; path = CoreDataRunPersister.swift; sourceTree = "<group>"; };
		B25D57122142AA4300BC2C0D /* LocationSegmentsExtensions.swift */ = {isa = PBXFileReference; lastKnownFileType = sourcecode.swift; path = LocationSegmentsExtensions.swift; sourceTree = "<group>"; };
		B25DB236201E27170089144E /* AudioFeedbackControllerTests.swift */ = {isa = PBXFileReference; lastKnownFileType = sourcecode.swift; path = AudioFeedbackControllerTests.swift; sourceTree = "<group>"; };
		B25F2A52261A5AEF00833AA1 /* RunometerNavigationController.swift */ = {isa = PBXFileReference; lastKnownFileType = sourcecode.swift; path = RunometerNavigationController.swift; sourceTree = "<group>"; };
		B25F2A58261A5B0F00833AA1 /* UIViewControllerExtensions.swift */ = {isa = PBXFileReference; lastKnownFileType = sourcecode.swift; path = UIViewControllerExtensions.swift; sourceTree = "<group>"; };
		B25F2A62262204F700833AA1 /* DependencyContainer.swift */ = {isa = PBXFileReference; lastKnownFileType = sourcecode.swift; path = DependencyContainer.swift; sourceTree = "<group>"; };
		B25F2A6C2622093E00833AA1 /* DependencyContainerTests.swift */ = {isa = PBXFileReference; lastKnownFileType = sourcecode.swift; path = DependencyContainerTests.swift; sourceTree = "<group>"; };
		B25F2A7B2622223900833AA1 /* DependencyManager.swift */ = {isa = PBXFileReference; lastKnownFileType = sourcecode.swift; path = DependencyManager.swift; sourceTree = "<group>"; };
		B25F2A81262222EA00833AA1 /* MockRunProvider.swift */ = {isa = PBXFileReference; lastKnownFileType = sourcecode.swift; path = MockRunProvider.swift; sourceTree = "<group>"; };
		B25FE7A11F88BCAC001B1BF1 /* HUDView.swift */ = {isa = PBXFileReference; lastKnownFileType = sourcecode.swift; path = HUDView.swift; sourceTree = "<group>"; };
		B25FE7A51F88D934001B1BF1 /* DistanceFormatter.swift */ = {isa = PBXFileReference; lastKnownFileType = sourcecode.swift; path = DistanceFormatter.swift; sourceTree = "<group>"; };
		B25FE7A71F88E661001B1BF1 /* TimeFormatter.swift */ = {isa = PBXFileReference; lastKnownFileType = sourcecode.swift; path = TimeFormatter.swift; sourceTree = "<group>"; };
		B25FE7A91F88E6F7001B1BF1 /* PaceFormatter.swift */ = {isa = PBXFileReference; lastKnownFileType = sourcecode.swift; path = PaceFormatter.swift; sourceTree = "<group>"; };
		B25FE7AB1F8A33B0001B1BF1 /* PaceFormatterTests.swift */ = {isa = PBXFileReference; lastKnownFileType = sourcecode.swift; path = PaceFormatterTests.swift; sourceTree = "<group>"; };
		B25FE7AF1F8A3A9C001B1BF1 /* PaceCalculator.swift */ = {isa = PBXFileReference; lastKnownFileType = sourcecode.swift; path = PaceCalculator.swift; sourceTree = "<group>"; };
		B25FE7B11F8A5075001B1BF1 /* Units.swift */ = {isa = PBXFileReference; lastKnownFileType = sourcecode.swift; path = Units.swift; sourceTree = "<group>"; };
		B25FE7B31F8A513D001B1BF1 /* DistanceFormatterTests.swift */ = {isa = PBXFileReference; lastKnownFileType = sourcecode.swift; path = DistanceFormatterTests.swift; sourceTree = "<group>"; };
		B25FE7B51F8A514B001B1BF1 /* TimeFormatterTests.swift */ = {isa = PBXFileReference; lastKnownFileType = sourcecode.swift; path = TimeFormatterTests.swift; sourceTree = "<group>"; };
		B2618931214A982C008BA04A /* RunStatistic.swift */ = {isa = PBXFileReference; lastKnownFileType = sourcecode.swift; path = RunStatistic.swift; sourceTree = "<group>"; };
		B2618933214A9CC3008BA04A /* RunStatisticsDetailTransition.swift */ = {isa = PBXFileReference; lastKnownFileType = sourcecode.swift; path = RunStatisticsDetailTransition.swift; sourceTree = "<group>"; };
		B2618935214A9FE2008BA04A /* RunStatisticDetailViewController.swift */ = {isa = PBXFileReference; lastKnownFileType = sourcecode.swift; path = RunStatisticDetailViewController.swift; sourceTree = "<group>"; };
		B261AD6625CF4613004904F3 /* ChartTableViewCell.swift */ = {isa = PBXFileReference; lastKnownFileType = sourcecode.swift; path = ChartTableViewCell.swift; sourceTree = "<group>"; };
		B2720898213D47E1009DCE7D /* RunRatingCollectionViewCell.swift */ = {isa = PBXFileReference; lastKnownFileType = sourcecode.swift; path = RunRatingCollectionViewCell.swift; sourceTree = "<group>"; };
		B272089A213D6380009DCE7D /* RunRatingsView.swift */ = {isa = PBXFileReference; lastKnownFileType = sourcecode.swift; path = RunRatingsView.swift; sourceTree = "<group>"; };
		B272089D213E699F009DCE7D /* RunRatingProvider.swift */ = {isa = PBXFileReference; lastKnownFileType = sourcecode.swift; path = RunRatingProvider.swift; sourceTree = "<group>"; };
		B272089F213E6B15009DCE7D /* RunRating.swift */ = {isa = PBXFileReference; lastKnownFileType = sourcecode.swift; path = RunRating.swift; sourceTree = "<group>"; };
		B27208A121402922009DCE7D /* Runometer.entitlements */ = {isa = PBXFileReference; lastKnownFileType = text.plist.entitlements; path = Runometer.entitlements; sourceTree = "<group>"; };
		B27208A321402922009DCE7D /* HealthKit.framework */ = {isa = PBXFileReference; lastKnownFileType = wrapper.framework; name = HealthKit.framework; path = System/Library/Frameworks/HealthKit.framework; sourceTree = SDKROOT; };
		B27208A521402993009DCE7D /* HealthKitRunProvider.swift */ = {isa = PBXFileReference; lastKnownFileType = sourcecode.swift; path = HealthKitRunProvider.swift; sourceTree = "<group>"; };
		B2729FDE244A3934007E4FCB /* UIViewExtensions.swift */ = {isa = PBXFileReference; lastKnownFileType = sourcecode.swift; path = UIViewExtensions.swift; sourceTree = "<group>"; };
		B273D871244D273B00E373F8 /* StatisticsViewModel.swift */ = {isa = PBXFileReference; lastKnownFileType = sourcecode.swift; path = StatisticsViewModel.swift; sourceTree = "<group>"; };
		B273D873244D27AC00E373F8 /* RunStatisticsFilterViewController.swift */ = {isa = PBXFileReference; lastKnownFileType = sourcecode.swift; path = RunStatisticsFilterViewController.swift; sourceTree = "<group>"; };
		B273D875244E132B00E373F8 /* StringExtensions.swift */ = {isa = PBXFileReference; lastKnownFileType = sourcecode.swift; path = StringExtensions.swift; sourceTree = "<group>"; };
		B276ECF12015321B0036F327 /* AudioFeedbackController.swift */ = {isa = PBXFileReference; lastKnownFileType = sourcecode.swift; path = AudioFeedbackController.swift; sourceTree = "<group>"; };
		B279EC992448CFA6009827B0 /* UITableViewExtensions.swift */ = {isa = PBXFileReference; lastKnownFileType = sourcecode.swift; path = UITableViewExtensions.swift; sourceTree = "<group>"; };
		B27F18EC25747C510061D3B9 /* RunFilter.swift */ = {isa = PBXFileReference; lastKnownFileType = sourcecode.swift; path = RunFilter.swift; sourceTree = "<group>"; };
		B27F18F325747D090061D3B9 /* DateExtensions.swift */ = {isa = PBXFileReference; lastKnownFileType = sourcecode.swift; path = DateExtensions.swift; sourceTree = "<group>"; };
		B27F1909257D9FD30061D3B9 /* CoreDataProviderTests.swift */ = {isa = PBXFileReference; lastKnownFileType = sourcecode.swift; path = CoreDataProviderTests.swift; sourceTree = "<group>"; };
		B27F634C1FA5B9E700C2116F /* PastRunsViewController.swift */ = {isa = PBXFileReference; lastKnownFileType = sourcecode.swift; path = PastRunsViewController.swift; sourceTree = "<group>"; };
		B27F634E1FA5BA0200C2116F /* PastRuns.storyboard */ = {isa = PBXFileReference; lastKnownFileType = file.storyboard; path = PastRuns.storyboard; sourceTree = "<group>"; };
		B27F63501FA5BFA400C2116F /* PastRunTableViewCell.swift */ = {isa = PBXFileReference; lastKnownFileType = sourcecode.swift; path = PastRunTableViewCell.swift; sourceTree = "<group>"; };
		B27F63531FA5CEA800C2116F /* RunDetailsViewController.swift */ = {isa = PBXFileReference; lastKnownFileType = sourcecode.swift; path = RunDetailsViewController.swift; sourceTree = "<group>"; };
		B27F63551FA5CEB100C2116F /* RunDetails.storyboard */ = {isa = PBXFileReference; lastKnownFileType = file.storyboard; path = RunDetails.storyboard; sourceTree = "<group>"; };
		B27F63571FA5E69700C2116F /* RunDataSummaryView.swift */ = {isa = PBXFileReference; lastKnownFileType = sourcecode.swift; path = RunDataSummaryView.swift; sourceTree = "<group>"; };
		B28AF1CF2448B134005C288E /* RunometerVisualEffectView.swift */ = {isa = PBXFileReference; lastKnownFileType = sourcecode.swift; path = RunometerVisualEffectView.swift; sourceTree = "<group>"; };
		B28D7DD4237615D800817E45 /* Colors.xcassets */ = {isa = PBXFileReference; lastKnownFileType = folder.assetcatalog; path = Colors.xcassets; sourceTree = "<group>"; };
		B28F81BC1F93CE8C000BBA18 /* CheckpointAnnotation.swift */ = {isa = PBXFileReference; lastKnownFileType = sourcecode.swift; path = CheckpointAnnotation.swift; sourceTree = "<group>"; };
		B28F81BE1F93D888000BBA18 /* Checkpoint.swift */ = {isa = PBXFileReference; lastKnownFileType = sourcecode.swift; path = Checkpoint.swift; sourceTree = "<group>"; };
		B2A268C425700F4A00C79AC2 /* RunStatisticWidgetExtension.appex */ = {isa = PBXFileReference; explicitFileType = "wrapper.app-extension"; includeInIndex = 0; path = RunStatisticWidgetExtension.appex; sourceTree = BUILT_PRODUCTS_DIR; };
		B2A268C525700F4A00C79AC2 /* WidgetKit.framework */ = {isa = PBXFileReference; lastKnownFileType = wrapper.framework; name = WidgetKit.framework; path = System/Library/Frameworks/WidgetKit.framework; sourceTree = SDKROOT; };
		B2A268C725700F4A00C79AC2 /* SwiftUI.framework */ = {isa = PBXFileReference; lastKnownFileType = wrapper.framework; name = SwiftUI.framework; path = System/Library/Frameworks/SwiftUI.framework; sourceTree = SDKROOT; };
		B2A268CA25700F4A00C79AC2 /* RunStatisticWidget.swift */ = {isa = PBXFileReference; lastKnownFileType = sourcecode.swift; path = RunStatisticWidget.swift; sourceTree = "<group>"; };
		B2A268CC25700F4A00C79AC2 /* RunStatisticWidget.intentdefinition */ = {isa = PBXFileReference; lastKnownFileType = file.intentdefinition; path = RunStatisticWidget.intentdefinition; sourceTree = "<group>"; };
		B2A268CD25700F4B00C79AC2 /* Assets.xcassets */ = {isa = PBXFileReference; lastKnownFileType = folder.assetcatalog; path = Assets.xcassets; sourceTree = "<group>"; };
		B2A268CF25700F4B00C79AC2 /* Info.plist */ = {isa = PBXFileReference; lastKnownFileType = text.plist.xml; path = Info.plist; sourceTree = "<group>"; };
		B2A931191FADCA77006FEACB /* RunProvider.swift */ = {isa = PBXFileReference; lastKnownFileType = sourcecode.swift; path = RunProvider.swift; sourceTree = "<group>"; };
		B2A9311B1FAF0553006FEACB /* MKMapViewExtensionsTests.swift */ = {isa = PBXFileReference; lastKnownFileType = sourcecode.swift; path = MKMapViewExtensionsTests.swift; sourceTree = "<group>"; };
		B2A9311D1FAF06C5006FEACB /* MKPolyLineExtensions.swift */ = {isa = PBXFileReference; lastKnownFileType = sourcecode.swift; path = MKPolyLineExtensions.swift; sourceTree = "<group>"; };
		B2A9311F1FAF06F7006FEACB /* MKPolylineExtensionTests.swift */ = {isa = PBXFileReference; lastKnownFileType = sourcecode.swift; path = MKPolylineExtensionTests.swift; sourceTree = "<group>"; };
		B2A931211FAF0CD2006FEACB /* MKCoordinateRegionExtensions.swift */ = {isa = PBXFileReference; lastKnownFileType = sourcecode.swift; path = MKCoordinateRegionExtensions.swift; sourceTree = "<group>"; };
		B2A931231FAF11CE006FEACB /* MKCoordinateRegionExtensionsTests.swift */ = {isa = PBXFileReference; lastKnownFileType = sourcecode.swift; path = MKCoordinateRegionExtensionsTests.swift; sourceTree = "<group>"; };
		B2B054EE1F80C55600292EB3 /* Runometer.app */ = {isa = PBXFileReference; explicitFileType = wrapper.application; includeInIndex = 0; path = Runometer.app; sourceTree = BUILT_PRODUCTS_DIR; };
		B2B054F11F80C55600292EB3 /* AppDelegate.swift */ = {isa = PBXFileReference; lastKnownFileType = sourcecode.swift; path = AppDelegate.swift; sourceTree = "<group>"; };
		B2B054F61F80C55600292EB3 /* Base */ = {isa = PBXFileReference; lastKnownFileType = file.storyboard; name = Base; path = Base.lproj/Main.storyboard; sourceTree = "<group>"; };
		B2B054F91F80C55600292EB3 /* Runometer.xcdatamodel */ = {isa = PBXFileReference; lastKnownFileType = wrapper.xcdatamodel; path = Runometer.xcdatamodel; sourceTree = "<group>"; };
		B2B054FB1F80C55600292EB3 /* Assets.xcassets */ = {isa = PBXFileReference; lastKnownFileType = folder.assetcatalog; path = Assets.xcassets; sourceTree = "<group>"; };
		B2B054FE1F80C55600292EB3 /* Base */ = {isa = PBXFileReference; lastKnownFileType = file.storyboard; name = Base; path = Base.lproj/LaunchScreen.storyboard; sourceTree = "<group>"; };
		B2B055001F80C55600292EB3 /* Info.plist */ = {isa = PBXFileReference; lastKnownFileType = text.plist.xml; path = Info.plist; sourceTree = "<group>"; };
		B2B055051F80C55600292EB3 /* RunometerTests.xctest */ = {isa = PBXFileReference; explicitFileType = wrapper.cfbundle; includeInIndex = 0; path = RunometerTests.xctest; sourceTree = BUILT_PRODUCTS_DIR; };
		B2B0550B1F80C55600292EB3 /* Info.plist */ = {isa = PBXFileReference; lastKnownFileType = text.plist.xml; path = Info.plist; sourceTree = "<group>"; };
		B2B055101F80C55600292EB3 /* RunometerUITests.xctest */ = {isa = PBXFileReference; explicitFileType = wrapper.cfbundle; includeInIndex = 0; path = RunometerUITests.xctest; sourceTree = BUILT_PRODUCTS_DIR; };
		B2B055141F80C55600292EB3 /* RunometerUITests.swift */ = {isa = PBXFileReference; lastKnownFileType = sourcecode.swift; path = RunometerUITests.swift; sourceTree = "<group>"; };
		B2B055161F80C55600292EB3 /* Info.plist */ = {isa = PBXFileReference; lastKnownFileType = text.plist.xml; path = Info.plist; sourceTree = "<group>"; };
		B2B055221F80D6A200292EB3 /* RunViewController.swift */ = {isa = PBXFileReference; lastKnownFileType = sourcecode.swift; path = RunViewController.swift; sourceTree = "<group>"; };
		B2B055241F80D7B800292EB3 /* Run.storyboard */ = {isa = PBXFileReference; lastKnownFileType = file.storyboard; path = Run.storyboard; sourceTree = "<group>"; };
		B2B055271F80E24E00292EB3 /* RunTracker.swift */ = {isa = PBXFileReference; lastKnownFileType = sourcecode.swift; path = RunTracker.swift; sourceTree = "<group>"; };
		B2B1B18E1FC994DC00C579FE /* RunometerView.swift */ = {isa = PBXFileReference; lastKnownFileType = sourcecode.swift; path = RunometerView.swift; sourceTree = "<group>"; };
		B2B1B1931FC9B7E500C579FE /* RunRatingCalculator.swift */ = {isa = PBXFileReference; lastKnownFileType = sourcecode.swift; path = RunRatingCalculator.swift; sourceTree = "<group>"; };
		B2B1B1951FC9D67000C579FE /* RunRatingTests.swift */ = {isa = PBXFileReference; lastKnownFileType = sourcecode.swift; path = RunRatingTests.swift; sourceTree = "<group>"; };
		B2B1B1971FCA2B0E00C579FE /* RunProviderTests.swift */ = {isa = PBXFileReference; lastKnownFileType = sourcecode.swift; path = RunProviderTests.swift; sourceTree = "<group>"; };
		B2BAAD5C20A45BA7000117FB /* SettingsTests.swift */ = {isa = PBXFileReference; lastKnownFileType = sourcecode.swift; path = SettingsTests.swift; sourceTree = "<group>"; };
		B2BE7B992148F52700902720 /* Statistics.swift */ = {isa = PBXFileReference; lastKnownFileType = sourcecode.swift; path = Statistics.swift; sourceTree = "<group>"; };
		B2BE7B9B2148F8D600902720 /* StatisticsProvider.swift */ = {isa = PBXFileReference; lastKnownFileType = sourcecode.swift; path = StatisticsProvider.swift; sourceTree = "<group>"; };
		B2BE7B9D2148F96C00902720 /* RunStatisticCollectionViewCell.swift */ = {isa = PBXFileReference; lastKnownFileType = sourcecode.swift; path = RunStatisticCollectionViewCell.swift; sourceTree = "<group>"; };
		B2C260FE1FA5FD3100E69E9D /* MKMapViewExtensions.swift */ = {isa = PBXFileReference; lastKnownFileType = sourcecode.swift; path = MKMapViewExtensions.swift; sourceTree = "<group>"; };
		B2C261001FA5FF5A00E69E9D /* RunSummaryMapView.swift */ = {isa = PBXFileReference; lastKnownFileType = sourcecode.swift; path = RunSummaryMapView.swift; sourceTree = "<group>"; };
		B2C261021FA6209100E69E9D /* ManagedRunObjectExtensions.swift */ = {isa = PBXFileReference; lastKnownFileType = sourcecode.swift; path = ManagedRunObjectExtensions.swift; sourceTree = "<group>"; };
		B2C261041FA6275C00E69E9D /* RunTests.swift */ = {isa = PBXFileReference; lastKnownFileType = sourcecode.swift; path = RunTests.swift; sourceTree = "<group>"; };
		B2C261061FA6299900E69E9D /* CoreDataHelper.swift */ = {isa = PBXFileReference; lastKnownFileType = sourcecode.swift; path = CoreDataHelper.swift; sourceTree = "<group>"; };
		B2DCA0C0202B916500AB29E7 /* MapViewController.swift */ = {isa = PBXFileReference; lastKnownFileType = sourcecode.swift; path = MapViewController.swift; sourceTree = "<group>"; };
		B2DE408F244D04C4006299F0 /* RunStatisticFilterCollectionViewCell.swift */ = {isa = PBXFileReference; lastKnownFileType = sourcecode.swift; path = RunStatisticFilterCollectionViewCell.swift; sourceTree = "<group>"; };
		B2EF80BF20A850A200457800 /* PastRunsTableViewSectionHeaderView.swift */ = {isa = PBXFileReference; lastKnownFileType = sourcecode.swift; path = PastRunsTableViewSectionHeaderView.swift; sourceTree = "<group>"; };
		B2EF80C120A850C300457800 /* PastRunsTableViewSectionHeaderView.xib */ = {isa = PBXFileReference; lastKnownFileType = file.xib; path = PastRunsTableViewSectionHeaderView.xib; sourceTree = "<group>"; };
		B2F1C7181FC05660001AC4DF /* SplitTimesViewController.swift */ = {isa = PBXFileReference; lastKnownFileType = sourcecode.swift; path = SplitTimesViewController.swift; sourceTree = "<group>"; };
		B2F1C71B1FC0AE41001AC4DF /* Settings.storyboard */ = {isa = PBXFileReference; lastKnownFileType = file.storyboard; path = Settings.storyboard; sourceTree = "<group>"; };
		B2F1C71D1FC0AED2001AC4DF /* SettingsTableViewController.swift */ = {isa = PBXFileReference; lastKnownFileType = sourcecode.swift; path = SettingsTableViewController.swift; sourceTree = "<group>"; };
		B2F1C7211FC0BDC8001AC4DF /* Settings.swift */ = {isa = PBXFileReference; lastKnownFileType = sourcecode.swift; path = Settings.swift; sourceTree = "<group>"; };
		B2F1C7231FC0CE16001AC4DF /* AudioTrigger.swift */ = {isa = PBXFileReference; lastKnownFileType = sourcecode.swift; path = AudioTrigger.swift; sourceTree = "<group>"; };
		B2F1C72C1FC17EE5001AC4DF /* SettingsMock.swift */ = {isa = PBXFileReference; lastKnownFileType = sourcecode.swift; path = SettingsMock.swift; sourceTree = "<group>"; };
		B2F1C7301FC18846001AC4DF /* AudioIntervalSelectionTableViewController.swift */ = {isa = PBXFileReference; lastKnownFileType = sourcecode.swift; path = AudioIntervalSelectionTableViewController.swift; sourceTree = "<group>"; };
		B2F1C7361FC1A544001AC4DF /* DoubleExtensions.swift */ = {isa = PBXFileReference; lastKnownFileType = sourcecode.swift; path = DoubleExtensions.swift; sourceTree = "<group>"; };
		B2F1C7381FC1A7D5001AC4DF /* DoubleExtensionsTests.swift */ = {isa = PBXFileReference; lastKnownFileType = sourcecode.swift; path = DoubleExtensionsTests.swift; sourceTree = "<group>"; };
		B2F2DDE6244B9B4400A44E7E /* RunRepository.swift */ = {isa = PBXFileReference; lastKnownFileType = sourcecode.swift; path = RunRepository.swift; sourceTree = "<group>"; };
		B2F856C320A6E4BB00A9414D /* HomeViewController.swift */ = {isa = PBXFileReference; lastKnownFileType = sourcecode.swift; path = HomeViewController.swift; sourceTree = "<group>"; };
/* End PBXFileReference section */

/* Begin PBXFrameworksBuildPhase section */
		B2A268C125700F4A00C79AC2 /* Frameworks */ = {
			isa = PBXFrameworksBuildPhase;
			buildActionMask = 2147483647;
			files = (
				B2574E4125852F4600025383 /* HealthKit.framework in Frameworks */,
				B2A268C825700F4A00C79AC2 /* SwiftUI.framework in Frameworks */,
				B2A268C625700F4A00C79AC2 /* WidgetKit.framework in Frameworks */,
			);
			runOnlyForDeploymentPostprocessing = 0;
		};
		B2B054EB1F80C55600292EB3 /* Frameworks */ = {
			isa = PBXFrameworksBuildPhase;
			buildActionMask = 2147483647;
			files = (
				B27208A421402922009DCE7D /* HealthKit.framework in Frameworks */,
			);
			runOnlyForDeploymentPostprocessing = 0;
		};
		B2B055021F80C55600292EB3 /* Frameworks */ = {
			isa = PBXFrameworksBuildPhase;
			buildActionMask = 2147483647;
			files = (
			);
			runOnlyForDeploymentPostprocessing = 0;
		};
		B2B0550D1F80C55600292EB3 /* Frameworks */ = {
			isa = PBXFrameworksBuildPhase;
			buildActionMask = 2147483647;
			files = (
			);
			runOnlyForDeploymentPostprocessing = 0;
		};
/* End PBXFrameworksBuildPhase section */

/* Begin PBXGroup section */
		B20F058F2376FD30004ECF97 /* Appearance */ = {
			isa = PBXGroup;
			children = (
				B21967A220307211007153D2 /* Colors.swift */,
				B24B3A3123D3BF51007851A3 /* Appearance.swift */,
				B28AF1CF2448B134005C288E /* RunometerVisualEffectView.swift */,
				B28D7DD4237615D800817E45 /* Colors.xcassets */,
			);
			path = Appearance;
			sourceTree = "<group>";
		};
		B2534BA92146A4C900EFEBFE /* Statistics */ = {
			isa = PBXGroup;
			children = (
				B2534BAA2146A4E300EFEBFE /* Statistics.storyboard */,
				B2534BAC2146A4F300EFEBFE /* StatisticsViewController.swift */,
				B2562CF0245381B00011B534 /* ChartView.swift */,
				B273D871244D273B00E373F8 /* StatisticsViewModel.swift */,
				B2DE408F244D04C4006299F0 /* RunStatisticFilterCollectionViewCell.swift */,
				B273D873244D27AC00E373F8 /* RunStatisticsFilterViewController.swift */,
				B2618935214A9FE2008BA04A /* RunStatisticDetailViewController.swift */,
				B261AD6625CF4613004904F3 /* ChartTableViewCell.swift */,
				B2618933214A9CC3008BA04A /* RunStatisticsDetailTransition.swift */,
				B2BE7B9D2148F96C00902720 /* RunStatisticCollectionViewCell.swift */,
				B2BE7B992148F52700902720 /* Statistics.swift */,
				B2BE7B9B2148F8D600902720 /* StatisticsProvider.swift */,
				B2534BAE2146AB9E00EFEBFE /* RunStatisticView.xib */,
				B2534BB02146ABB500EFEBFE /* RunStatisticView.swift */,
				B2618931214A982C008BA04A /* RunStatistic.swift */,
			);
			path = Statistics;
			sourceTree = "<group>";
		};
		B25D5710214183A900BC2C0D /* CoreData */ = {
			isa = PBXGroup;
			children = (
				B24956751FA4934B002DC83E /* CoreDataStack.swift */,
				B25D5704214151D800BC2C0D /* CoreDataRun.swift */,
				B25D57062141521E00BC2C0D /* CoreDataRunProvider.swift */,
				B25D570E2141838800BC2C0D /* CoreDataRunPersister.swift */,
				B2C261021FA6209100E69E9D /* ManagedRunObjectExtensions.swift */,
			);
			path = CoreData;
			sourceTree = "<group>";
		};
		B25D5711214183BF00BC2C0D /* HealthKit */ = {
			isa = PBXGroup;
			children = (
				B27208A521402993009DCE7D /* HealthKitRunProvider.swift */,
				B25D57082141625E00BC2C0D /* HealthKitRun.swift */,
			);
			path = HealthKit;
			sourceTree = "<group>";
		};
		B25FE79B1F815E66001B1BF1 /* Modules */ = {
			isa = PBXGroup;
			children = (
				B20F058F2376FD30004ECF97 /* Appearance */,
				B2534BA92146A4C900EFEBFE /* Statistics */,
				B2720893213D221A009DCE7D /* Home */,
				B2F1C71A1FC0AE28001AC4DF /* Settings */,
				B2720895213D22EF009DCE7D /* Extensions */,
				B2720894213D22D8009DCE7D /* Units */,
				B2720892213D21C4009DCE7D /* Database */,
				B27F63521FA5CE9700C2116F /* Run Details */,
				B27F634B1FA5B9CB00C2116F /* Past Runs */,
				B2B055261F80D7C000292EB3 /* Run */,
			);
			path = Modules;
			sourceTree = "<group>";
		};
		B2720892213D21C4009DCE7D /* Database */ = {
			isa = PBXGroup;
			children = (
				B2F2DDE6244B9B4400A44E7E /* RunRepository.swift */,
				B25D5702214151AF00BC2C0D /* Run.swift */,
				B2534BB42147EA8100EFEBFE /* RunMock.swift */,
				B2A931191FADCA77006FEACB /* RunProvider.swift */,
				B25F2A81262222EA00833AA1 /* MockRunProvider.swift */,
				B27F18EC25747C510061D3B9 /* RunFilter.swift */,
				B25D570C2141835200BC2C0D /* RunPersister.swift */,
				B25D5711214183BF00BC2C0D /* HealthKit */,
				B25D5710214183A900BC2C0D /* CoreData */,
			);
			path = Database;
			sourceTree = "<group>";
		};
		B2720893213D221A009DCE7D /* Home */ = {
			isa = PBXGroup;
			children = (
				B2F856C320A6E4BB00A9414D /* HomeViewController.swift */,
			);
			path = Home;
			sourceTree = "<group>";
		};
		B2720894213D22D8009DCE7D /* Units */ = {
			isa = PBXGroup;
			children = (
				B25FE7A51F88D934001B1BF1 /* DistanceFormatter.swift */,
				B25FE7A71F88E661001B1BF1 /* TimeFormatter.swift */,
				B25FE7A91F88E6F7001B1BF1 /* PaceFormatter.swift */,
				B25FE7AF1F8A3A9C001B1BF1 /* PaceCalculator.swift */,
				B25FE7B11F8A5075001B1BF1 /* Units.swift */,
			);
			path = Units;
			sourceTree = "<group>";
		};
		B2720895213D22EF009DCE7D /* Extensions */ = {
			isa = PBXGroup;
			children = (
				B25F2A58261A5B0F00833AA1 /* UIViewControllerExtensions.swift */,
				B2F1C7361FC1A544001AC4DF /* DoubleExtensions.swift */,
				B25D570A2141703200BC2C0D /* RunsExtensions.swift */,
				B25D57122142AA4300BC2C0D /* LocationSegmentsExtensions.swift */,
				B279EC992448CFA6009827B0 /* UITableViewExtensions.swift */,
				B2729FDE244A3934007E4FCB /* UIViewExtensions.swift */,
				B273D875244E132B00E373F8 /* StringExtensions.swift */,
				B27F18F325747D090061D3B9 /* DateExtensions.swift */,
			);
			path = Extensions;
			sourceTree = "<group>";
		};
		B2720896213D237F009DCE7D /* View */ = {
			isa = PBXGroup;
			children = (
				B2B055221F80D6A200292EB3 /* RunViewController.swift */,
				B28F81BC1F93CE8C000BBA18 /* CheckpointAnnotation.swift */,
				B24956731F9C7BF8002DC83E /* CheckpointAnnotationView.swift */,
				B2B055241F80D7B800292EB3 /* Run.storyboard */,
				B25FE7A11F88BCAC001B1BF1 /* HUDView.swift */,
				B2C260FE1FA5FD3100E69E9D /* MKMapViewExtensions.swift */,
				B21967A02030608A007153D2 /* RoundCornersButton.swift */,
			);
			path = View;
			sourceTree = "<group>";
		};
		B2720897213D23D2009DCE7D /* Run Tracking */ = {
			isa = PBXGroup;
			children = (
				B2B055271F80E24E00292EB3 /* RunTracker.swift */,
				B28F81BE1F93D888000BBA18 /* Checkpoint.swift */,
				B204BCA6200A70EA0003E3FE /* AudioFeedback.swift */,
				B2F1C7231FC0CE16001AC4DF /* AudioTrigger.swift */,
				B276ECF12015321B0036F327 /* AudioFeedbackController.swift */,
			);
			path = "Run Tracking";
			sourceTree = "<group>";
		};
		B272089C213D665B009DCE7D /* Map */ = {
			isa = PBXGroup;
			children = (
				B2DCA0C0202B916500AB29E7 /* MapViewController.swift */,
				B2C261001FA5FF5A00E69E9D /* RunSummaryMapView.swift */,
				B2A931211FAF0CD2006FEACB /* MKCoordinateRegionExtensions.swift */,
				B2A9311D1FAF06C5006FEACB /* MKPolyLineExtensions.swift */,
			);
			path = Map;
			sourceTree = "<group>";
		};
		B27208A221402922009DCE7D /* Frameworks */ = {
			isa = PBXGroup;
			children = (
				B27208A321402922009DCE7D /* HealthKit.framework */,
				B2A268C525700F4A00C79AC2 /* WidgetKit.framework */,
				B2A268C725700F4A00C79AC2 /* SwiftUI.framework */,
			);
			name = Frameworks;
			sourceTree = "<group>";
		};
		B27F634B1FA5B9CB00C2116F /* Past Runs */ = {
			isa = PBXGroup;
			children = (
				B27F634C1FA5B9E700C2116F /* PastRunsViewController.swift */,
				B2EF80BF20A850A200457800 /* PastRunsTableViewSectionHeaderView.swift */,
				B2EF80C120A850C300457800 /* PastRunsTableViewSectionHeaderView.xib */,
				B27F63501FA5BFA400C2116F /* PastRunTableViewCell.swift */,
				B27F634E1FA5BA0200C2116F /* PastRuns.storyboard */,
				B21967A82039B05D007153D2 /* RunSection.swift */,
			);
			path = "Past Runs";
			sourceTree = "<group>";
		};
		B27F63521FA5CE9700C2116F /* Run Details */ = {
			isa = PBXGroup;
			children = (
				B27F63531FA5CEA800C2116F /* RunDetailsViewController.swift */,
				B27F63551FA5CEB100C2116F /* RunDetails.storyboard */,
				B27F63571FA5E69700C2116F /* RunDataSummaryView.swift */,
				B2F1C7181FC05660001AC4DF /* SplitTimesViewController.swift */,
				B2B1B1921FC997AA00C579FE /* Run Rating */,
				B272089C213D665B009DCE7D /* Map */,
			);
			path = "Run Details";
			sourceTree = "<group>";
		};
		B2A268C925700F4A00C79AC2 /* RunStatisticWidget */ = {
			isa = PBXGroup;
			children = (
				B2A268CA25700F4A00C79AC2 /* RunStatisticWidget.swift */,
				B2A268CC25700F4A00C79AC2 /* RunStatisticWidget.intentdefinition */,
				B2A268CD25700F4B00C79AC2 /* Assets.xcassets */,
				B2A268CF25700F4B00C79AC2 /* Info.plist */,
			);
			path = RunStatisticWidget;
			sourceTree = "<group>";
		};
		B2B054E51F80C55600292EB3 = {
			isa = PBXGroup;
			children = (
				B2574E3C25852DF400025383 /* RunStatisticWidgetExtension.entitlements */,
				B2B054F01F80C55600292EB3 /* Runometer */,
				B2B055081F80C55600292EB3 /* RunometerTests */,
				B2B055131F80C55600292EB3 /* RunometerUITests */,
				B2A268C925700F4A00C79AC2 /* RunStatisticWidget */,
				B2B054EF1F80C55600292EB3 /* Products */,
				B27208A221402922009DCE7D /* Frameworks */,
			);
			sourceTree = "<group>";
		};
		B2B054EF1F80C55600292EB3 /* Products */ = {
			isa = PBXGroup;
			children = (
				B2B054EE1F80C55600292EB3 /* Runometer.app */,
				B2B055051F80C55600292EB3 /* RunometerTests.xctest */,
				B2B055101F80C55600292EB3 /* RunometerUITests.xctest */,
				B2A268C425700F4A00C79AC2 /* RunStatisticWidgetExtension.appex */,
			);
			name = Products;
			sourceTree = "<group>";
		};
		B2B054F01F80C55600292EB3 /* Runometer */ = {
			isa = PBXGroup;
			children = (
				B27208A121402922009DCE7D /* Runometer.entitlements */,
				B2B054F11F80C55600292EB3 /* AppDelegate.swift */,
				B2B054F51F80C55600292EB3 /* Main.storyboard */,
				B24B3A2F23D3BDAA007851A3 /* AppCoordinator.swift */,
				B25F2A52261A5AEF00833AA1 /* RunometerNavigationController.swift */,
				B25F2A7B2622223900833AA1 /* DependencyManager.swift */,
				B25F2A62262204F700833AA1 /* DependencyContainer.swift */,
				B25FE79B1F815E66001B1BF1 /* Modules */,
				B2B054FB1F80C55600292EB3 /* Assets.xcassets */,
				B2B054FD1F80C55600292EB3 /* LaunchScreen.storyboard */,
				B2B055001F80C55600292EB3 /* Info.plist */,
				B2B054F81F80C55600292EB3 /* Runometer.xcdatamodeld */,
			);
			path = Runometer;
			sourceTree = "<group>";
		};
		B2B055081F80C55600292EB3 /* RunometerTests */ = {
			isa = PBXGroup;
			children = (
				B2F1C7291FC0E6D0001AC4DF /* Mocks */,
				B25F2A6C2622093E00833AA1 /* DependencyContainerTests.swift */,
				B241D7251F8A94CB0067A91D /* RunTrackerTests.swift */,
				B2B1B1971FCA2B0E00C579FE /* RunProviderTests.swift */,
				B2B1B1951FC9D67000C579FE /* RunRatingTests.swift */,
				B2BAAD5C20A45BA7000117FB /* SettingsTests.swift */,
				B2F1C7381FC1A7D5001AC4DF /* DoubleExtensionsTests.swift */,
				B2A931231FAF11CE006FEACB /* MKCoordinateRegionExtensionsTests.swift */,
				B2A9311B1FAF0553006FEACB /* MKMapViewExtensionsTests.swift */,
				B2A9311F1FAF06F7006FEACB /* MKPolylineExtensionTests.swift */,
				B2C261041FA6275C00E69E9D /* RunTests.swift */,
				B2534BBA21480C3800EFEBFE /* LocationSegmentExtensionsTests.swift */,
				B2534BB821480BB700EFEBFE /* ManagedRunObjectTests.swift */,
				B2534BB6214806D200EFEBFE /* CoreDataRunTests.swift */,
				B27F1909257D9FD30061D3B9 /* CoreDataProviderTests.swift */,
				B2C261061FA6299900E69E9D /* CoreDataHelper.swift */,
				B25FE7AB1F8A33B0001B1BF1 /* PaceFormatterTests.swift */,
				B25FE7B31F8A513D001B1BF1 /* DistanceFormatterTests.swift */,
				B25FE7B51F8A514B001B1BF1 /* TimeFormatterTests.swift */,
				B2528DF21FF19DC800FE3364 /* RunStatisticsTextProviderTests.swift */,
				B204BCA8200A71540003E3FE /* AudioFeedbackTests.swift */,
				B25DB236201E27170089144E /* AudioFeedbackControllerTests.swift */,
				B229CC9E2250BC54002D4BE6 /* RunSectionTests.swift */,
				B2562CEE2451029C0011B534 /* RunRepositoryTests.swift */,
				B2B0550B1F80C55600292EB3 /* Info.plist */,
			);
			path = RunometerTests;
			sourceTree = "<group>";
		};
		B2B055131F80C55600292EB3 /* RunometerUITests */ = {
			isa = PBXGroup;
			children = (
				B2B055141F80C55600292EB3 /* RunometerUITests.swift */,
				B2B055161F80C55600292EB3 /* Info.plist */,
			);
			path = RunometerUITests;
			sourceTree = "<group>";
		};
		B2B055261F80D7C000292EB3 /* Run */ = {
			isa = PBXGroup;
			children = (
				B2720897213D23D2009DCE7D /* Run Tracking */,
				B2720896213D237F009DCE7D /* View */,
			);
			path = Run;
			sourceTree = "<group>";
		};
		B2B1B1921FC997AA00C579FE /* Run Rating */ = {
			isa = PBXGroup;
			children = (
				B272089A213D6380009DCE7D /* RunRatingsView.swift */,
				B272089F213E6B15009DCE7D /* RunRating.swift */,
				B272089D213E699F009DCE7D /* RunRatingProvider.swift */,
				B2B1B1931FC9B7E500C579FE /* RunRatingCalculator.swift */,
				B2720898213D47E1009DCE7D /* RunRatingCollectionViewCell.swift */,
				B2B1B18E1FC994DC00C579FE /* RunometerView.swift */,
				B2528DF01FF19BEE00FE3364 /* RunStatisticsTextProvider.swift */,
				B2528DFA1FF2669400FE3364 /* RunRatingDescription.swift */,
			);
			path = "Run Rating";
			sourceTree = "<group>";
		};
		B2F1C71A1FC0AE28001AC4DF /* Settings */ = {
			isa = PBXGroup;
			children = (
				B2F1C71B1FC0AE41001AC4DF /* Settings.storyboard */,
				B2F1C71D1FC0AED2001AC4DF /* SettingsTableViewController.swift */,
				B2F1C7301FC18846001AC4DF /* AudioIntervalSelectionTableViewController.swift */,
				B2F1C7211FC0BDC8001AC4DF /* Settings.swift */,
			);
			path = Settings;
			sourceTree = "<group>";
		};
		B2F1C7291FC0E6D0001AC4DF /* Mocks */ = {
			isa = PBXGroup;
			children = (
				B2F1C72C1FC17EE5001AC4DF /* SettingsMock.swift */,
				B2528DF41FF2470B00FE3364 /* DistancesMock.swift */,
				B2528DF61FF2477200FE3364 /* DurationsMock.swift */,
				B2534BB22147E73300EFEBFE /* RunProviderMock.swift */,
			);
			path = Mocks;
			sourceTree = "<group>";
		};
/* End PBXGroup section */

/* Begin PBXNativeTarget section */
		B2A268C325700F4A00C79AC2 /* RunStatisticWidgetExtension */ = {
			isa = PBXNativeTarget;
			buildConfigurationList = B2A268D825700F4B00C79AC2 /* Build configuration list for PBXNativeTarget "RunStatisticWidgetExtension" */;
			buildPhases = (
				B2A268C025700F4A00C79AC2 /* Sources */,
				B2A268C125700F4A00C79AC2 /* Frameworks */,
				B2A268C225700F4A00C79AC2 /* Resources */,
			);
			buildRules = (
			);
			dependencies = (
			);
			name = RunStatisticWidgetExtension;
			productName = DistanceWidgetExtension;
			productReference = B2A268C425700F4A00C79AC2 /* RunStatisticWidgetExtension.appex */;
			productType = "com.apple.product-type.app-extension";
		};
		B2B054ED1F80C55600292EB3 /* Runometer */ = {
			isa = PBXNativeTarget;
			buildConfigurationList = B2B055191F80C55600292EB3 /* Build configuration list for PBXNativeTarget "Runometer" */;
			buildPhases = (
				B2B054EA1F80C55600292EB3 /* Sources */,
				B2B054EB1F80C55600292EB3 /* Frameworks */,
				B2B054EC1F80C55600292EB3 /* Resources */,
				B2A268D525700F4B00C79AC2 /* Embed App Extensions */,
			);
			buildRules = (
			);
			dependencies = (
				B2A268D325700F4B00C79AC2 /* PBXTargetDependency */,
			);
			name = Runometer;
			productName = Runometer;
			productReference = B2B054EE1F80C55600292EB3 /* Runometer.app */;
			productType = "com.apple.product-type.application";
		};
		B2B055041F80C55600292EB3 /* RunometerTests */ = {
			isa = PBXNativeTarget;
			buildConfigurationList = B2B0551C1F80C55600292EB3 /* Build configuration list for PBXNativeTarget "RunometerTests" */;
			buildPhases = (
				B2B055011F80C55600292EB3 /* Sources */,
				B2B055021F80C55600292EB3 /* Frameworks */,
				B2B055031F80C55600292EB3 /* Resources */,
			);
			buildRules = (
			);
			dependencies = (
				B2B055071F80C55600292EB3 /* PBXTargetDependency */,
			);
			name = RunometerTests;
			productName = RunometerTests;
			productReference = B2B055051F80C55600292EB3 /* RunometerTests.xctest */;
			productType = "com.apple.product-type.bundle.unit-test";
		};
		B2B0550F1F80C55600292EB3 /* RunometerUITests */ = {
			isa = PBXNativeTarget;
			buildConfigurationList = B2B0551F1F80C55600292EB3 /* Build configuration list for PBXNativeTarget "RunometerUITests" */;
			buildPhases = (
				B2B0550C1F80C55600292EB3 /* Sources */,
				B2B0550D1F80C55600292EB3 /* Frameworks */,
				B2B0550E1F80C55600292EB3 /* Resources */,
			);
			buildRules = (
			);
			dependencies = (
				B2B055121F80C55600292EB3 /* PBXTargetDependency */,
			);
			name = RunometerUITests;
			productName = RunometerUITests;
			productReference = B2B055101F80C55600292EB3 /* RunometerUITests.xctest */;
			productType = "com.apple.product-type.bundle.ui-testing";
		};
/* End PBXNativeTarget section */

/* Begin PBXProject section */
		B2B054E61F80C55600292EB3 /* Project object */ = {
			isa = PBXProject;
			attributes = {
				LastSwiftUpdateCheck = 1210;
				LastUpgradeCheck = 1210;
				ORGANIZATIONNAME = "Svante Dahlberg";
				TargetAttributes = {
					B2A268C325700F4A00C79AC2 = {
						CreatedOnToolsVersion = 12.1;
						ProvisioningStyle = Automatic;
					};
					B2B054ED1F80C55600292EB3 = {
						CreatedOnToolsVersion = 9.0;
						LastSwiftMigration = 1210;
						ProvisioningStyle = Automatic;
						SystemCapabilities = {
							com.apple.BackgroundModes = {
								enabled = 1;
							};
							com.apple.HealthKit = {
								enabled = 1;
							};
						};
					};
					B2B055041F80C55600292EB3 = {
						CreatedOnToolsVersion = 9.0;
						LastSwiftMigration = 1210;
						ProvisioningStyle = Automatic;
						TestTargetID = B2B054ED1F80C55600292EB3;
					};
					B2B0550F1F80C55600292EB3 = {
						CreatedOnToolsVersion = 9.0;
						LastSwiftMigration = 1210;
						ProvisioningStyle = Automatic;
						TestTargetID = B2B054ED1F80C55600292EB3;
					};
				};
			};
			buildConfigurationList = B2B054E91F80C55600292EB3 /* Build configuration list for PBXProject "Runometer" */;
			compatibilityVersion = "Xcode 8.0";
			developmentRegion = en;
			hasScannedForEncodings = 0;
			knownRegions = (
				en,
				Base,
			);
			mainGroup = B2B054E51F80C55600292EB3;
			productRefGroup = B2B054EF1F80C55600292EB3 /* Products */;
			projectDirPath = "";
			projectRoot = "";
			targets = (
				B2B054ED1F80C55600292EB3 /* Runometer */,
				B2B055041F80C55600292EB3 /* RunometerTests */,
				B2B0550F1F80C55600292EB3 /* RunometerUITests */,
				B2A268C325700F4A00C79AC2 /* RunStatisticWidgetExtension */,
			);
		};
/* End PBXProject section */

/* Begin PBXResourcesBuildPhase section */
		B2A268C225700F4A00C79AC2 /* Resources */ = {
			isa = PBXResourcesBuildPhase;
			buildActionMask = 2147483647;
			files = (
				B2A268CE25700F4B00C79AC2 /* Assets.xcassets in Resources */,
			);
			runOnlyForDeploymentPostprocessing = 0;
		};
		B2B054EC1F80C55600292EB3 /* Resources */ = {
			isa = PBXResourcesBuildPhase;
			buildActionMask = 2147483647;
			files = (
				B2B054FF1F80C55600292EB3 /* LaunchScreen.storyboard in Resources */,
				B2B054FC1F80C55600292EB3 /* Assets.xcassets in Resources */,
				B28D7DD5237615D800817E45 /* Colors.xcassets in Resources */,
				B2B055251F80D7B800292EB3 /* Run.storyboard in Resources */,
				B2534BAF2146AB9E00EFEBFE /* RunStatisticView.xib in Resources */,
				B2EF80C220A850C300457800 /* PastRunsTableViewSectionHeaderView.xib in Resources */,
				B27F63561FA5CEB100C2116F /* RunDetails.storyboard in Resources */,
				B27F634F1FA5BA0200C2116F /* PastRuns.storyboard in Resources */,
				B2534BAB2146A4E300EFEBFE /* Statistics.storyboard in Resources */,
				B2B054F71F80C55600292EB3 /* Main.storyboard in Resources */,
				B2F1C71C1FC0AE41001AC4DF /* Settings.storyboard in Resources */,
			);
			runOnlyForDeploymentPostprocessing = 0;
		};
		B2B055031F80C55600292EB3 /* Resources */ = {
			isa = PBXResourcesBuildPhase;
			buildActionMask = 2147483647;
			files = (
			);
			runOnlyForDeploymentPostprocessing = 0;
		};
		B2B0550E1F80C55600292EB3 /* Resources */ = {
			isa = PBXResourcesBuildPhase;
			buildActionMask = 2147483647;
			files = (
			);
			runOnlyForDeploymentPostprocessing = 0;
		};
/* End PBXResourcesBuildPhase section */

/* Begin PBXSourcesBuildPhase section */
		B2A268C025700F4A00C79AC2 /* Sources */ = {
			isa = PBXSourcesBuildPhase;
			buildActionMask = 2147483647;
			files = (
				B2A268F12570112400C79AC2 /* PaceCalculator.swift in Sources */,
				B2A268F62570112700C79AC2 /* Units.swift in Sources */,
				B2A268CB25700F4A00C79AC2 /* RunStatisticWidget.swift in Sources */,
				B2A2690F2570130900C79AC2 /* CoreDataRunProvider.swift in Sources */,
				B2A269282570133E00C79AC2 /* ManagedRunObjectExtensions.swift in Sources */,
				B27F18F525747D090061D3B9 /* DateExtensions.swift in Sources */,
				B2A2691E2570132700C79AC2 /* CoreDataRun.swift in Sources */,
				B2A268E22570111B00C79AC2 /* DistanceFormatter.swift in Sources */,
				B2A269142570131200C79AC2 /* HealthKitRunProvider.swift in Sources */,
				B2A2690A2570128900C79AC2 /* RunProvider.swift in Sources */,
				B2A268DD2570110400C79AC2 /* Run.swift in Sources */,
				B25F2A7626220FE500833AA1 /* DependencyContainer.swift in Sources */,
				B2A268E72570111F00C79AC2 /* TimeFormatter.swift in Sources */,
				B2A268FB2570114000C79AC2 /* Settings.swift in Sources */,
				B2A269002570116300C79AC2 /* AudioTrigger.swift in Sources */,
				B2A269232570133300C79AC2 /* CoreDataStack.swift in Sources */,
				B261ADA525D9AB29004904F3 /* RunMock.swift in Sources */,
				B2A2692D2570138500C79AC2 /* Runometer.xcdatamodeld in Sources */,
				B2A2693725732AF900C79AC2 /* RunStatistic.swift in Sources */,
				B2A269192570132200C79AC2 /* HealthKitRun.swift in Sources */,
				B2A269052570126000C79AC2 /* RunRepository.swift in Sources */,
				B2A268D025700F4B00C79AC2 /* RunStatisticWidget.intentdefinition in Sources */,
				B2A2693225732AE900C79AC2 /* Statistics.swift in Sources */,
				B2A268EC2570112200C79AC2 /* PaceFormatter.swift in Sources */,
				B25F2A872622230400833AA1 /* DependencyManager.swift in Sources */,
				B27F18EE25747C510061D3B9 /* RunFilter.swift in Sources */,
			);
			runOnlyForDeploymentPostprocessing = 0;
		};
		B2B054EA1F80C55600292EB3 /* Sources */ = {
			isa = PBXSourcesBuildPhase;
			buildActionMask = 2147483647;
			files = (
				B24956761FA4934B002DC83E /* CoreDataStack.swift in Sources */,
				B27F63511FA5BFA400C2116F /* PastRunTableViewCell.swift in Sources */,
				B2A9311A1FADCA77006FEACB /* RunProvider.swift in Sources */,
				B2B055281F80E24E00292EB3 /* RunTracker.swift in Sources */,
				B2F1C7191FC05660001AC4DF /* SplitTimesViewController.swift in Sources */,
				B2B054FA1F80C55600292EB3 /* Runometer.xcdatamodeld in Sources */,
				B2B1B1941FC9B7E500C579FE /* RunRatingCalculator.swift in Sources */,
				B25FE7A81F88E661001B1BF1 /* TimeFormatter.swift in Sources */,
				B204BCA7200A70EA0003E3FE /* AudioFeedback.swift in Sources */,
				B2C261031FA6209100E69E9D /* ManagedRunObjectExtensions.swift in Sources */,
				B2C260FF1FA5FD3100E69E9D /* MKMapViewExtensions.swift in Sources */,
				B25D5705214151D800BC2C0D /* CoreDataRun.swift in Sources */,
				B24956741F9C7BF8002DC83E /* CheckpointAnnotationView.swift in Sources */,
				B2BE7B9C2148F8D600902720 /* StatisticsProvider.swift in Sources */,
				B2729FDF244A3934007E4FCB /* UIViewExtensions.swift in Sources */,
				B25D57072141521E00BC2C0D /* CoreDataRunProvider.swift in Sources */,
				B25D57092141625E00BC2C0D /* HealthKitRun.swift in Sources */,
				B2B1B18F1FC994DC00C579FE /* RunometerView.swift in Sources */,
				B25D57132142AA4300BC2C0D /* LocationSegmentsExtensions.swift in Sources */,
				B21967A12030608A007153D2 /* RoundCornersButton.swift in Sources */,
				B2528DFB1FF2669400FE3364 /* RunRatingDescription.swift in Sources */,
				B2DE4090244D04C4006299F0 /* RunStatisticFilterCollectionViewCell.swift in Sources */,
				B24B3A3023D3BDAA007851A3 /* AppCoordinator.swift in Sources */,
				B2F1C7371FC1A544001AC4DF /* DoubleExtensions.swift in Sources */,
				B261AD6825CF4613004904F3 /* ChartTableViewCell.swift in Sources */,
				B2618936214A9FE2008BA04A /* RunStatisticDetailViewController.swift in Sources */,
				B28AF1D02448B134005C288E /* RunometerVisualEffectView.swift in Sources */,
				B2618934214A9CC3008BA04A /* RunStatisticsDetailTransition.swift in Sources */,
				B2618932214A982D008BA04A /* RunStatistic.swift in Sources */,
				B25F2A7C2622223900833AA1 /* DependencyManager.swift in Sources */,
				B2F1C7311FC18846001AC4DF /* AudioIntervalSelectionTableViewController.swift in Sources */,
				B27F634D1FA5B9E700C2116F /* PastRunsViewController.swift in Sources */,
				B272089B213D6380009DCE7D /* RunRatingsView.swift in Sources */,
				B2F2DDE7244B9B4400A44E7E /* RunRepository.swift in Sources */,
				B27208A0213E6B15009DCE7D /* RunRating.swift in Sources */,
				B2BE7B9A2148F52700902720 /* Statistics.swift in Sources */,
				B24B3A3223D3BF51007851A3 /* Appearance.swift in Sources */,
				B2F856C420A6E4BB00A9414D /* HomeViewController.swift in Sources */,
				B273D876244E132B00E373F8 /* StringExtensions.swift in Sources */,
				B273D872244D273B00E373F8 /* StatisticsViewModel.swift in Sources */,
				B25FE7B21F8A5075001B1BF1 /* Units.swift in Sources */,
				B2562CF1245381B00011B534 /* ChartView.swift in Sources */,
				B25F2A82262222EA00833AA1 /* MockRunProvider.swift in Sources */,
				B25FE7AA1F88E6F7001B1BF1 /* PaceFormatter.swift in Sources */,
				B2534BAD2146A4F300EFEBFE /* StatisticsViewController.swift in Sources */,
				B25F2A53261A5AEF00833AA1 /* RunometerNavigationController.swift in Sources */,
				B279EC9A2448CFA6009827B0 /* UITableViewExtensions.swift in Sources */,
				B21967A92039B05D007153D2 /* RunSection.swift in Sources */,
				B2B055231F80D6A200292EB3 /* RunViewController.swift in Sources */,
				B276ECF22015321B0036F327 /* AudioFeedbackController.swift in Sources */,
				B2DCA0C1202B916500AB29E7 /* MapViewController.swift in Sources */,
				B25F2A59261A5B0F00833AA1 /* UIViewControllerExtensions.swift in Sources */,
				B2A931221FAF0CD2006FEACB /* MKCoordinateRegionExtensions.swift in Sources */,
				B2EF80C020A850A200457800 /* PastRunsTableViewSectionHeaderView.swift in Sources */,
				B273D874244D27AC00E373F8 /* RunStatisticsFilterViewController.swift in Sources */,
				B27F18F425747D090061D3B9 /* DateExtensions.swift in Sources */,
				B261ADAA25D9AB62004904F3 /* RunMock.swift in Sources */,
				B28F81BF1F93D888000BBA18 /* Checkpoint.swift in Sources */,
				B2F1C71E1FC0AED2001AC4DF /* SettingsTableViewController.swift in Sources */,
				B2528DF11FF19BEE00FE3364 /* RunStatisticsTextProvider.swift in Sources */,
				B272089E213E699F009DCE7D /* RunRatingProvider.swift in Sources */,
				B27208A621402993009DCE7D /* HealthKitRunProvider.swift in Sources */,
				B25D570D2141835200BC2C0D /* RunPersister.swift in Sources */,
				B2A268D125700F4B00C79AC2 /* RunStatisticWidget.intentdefinition in Sources */,
				B27F18ED25747C510061D3B9 /* RunFilter.swift in Sources */,
				B2F1C7221FC0BDC8001AC4DF /* Settings.swift in Sources */,
				B25D5703214151AF00BC2C0D /* Run.swift in Sources */,
				B25D570B2141703200BC2C0D /* RunsExtensions.swift in Sources */,
				B25F2A63262204F700833AA1 /* DependencyContainer.swift in Sources */,
				B25FE7A61F88D934001B1BF1 /* DistanceFormatter.swift in Sources */,
				B21967A320307211007153D2 /* Colors.swift in Sources */,
				B2F1C7241FC0CE16001AC4DF /* AudioTrigger.swift in Sources */,
				B2720899213D47E1009DCE7D /* RunRatingCollectionViewCell.swift in Sources */,
				B28F81BD1F93CE8C000BBA18 /* CheckpointAnnotation.swift in Sources */,
				B2A9311E1FAF06C5006FEACB /* MKPolyLineExtensions.swift in Sources */,
				B25FE7A21F88BCAC001B1BF1 /* HUDView.swift in Sources */,
				B25D570F2141838800BC2C0D /* CoreDataRunPersister.swift in Sources */,
				B2C261011FA5FF5A00E69E9D /* RunSummaryMapView.swift in Sources */,
				B27F63541FA5CEA800C2116F /* RunDetailsViewController.swift in Sources */,
				B2BE7B9E2148F96C00902720 /* RunStatisticCollectionViewCell.swift in Sources */,
				B2534BB12146ABB500EFEBFE /* RunStatisticView.swift in Sources */,
				B2B054F21F80C55600292EB3 /* AppDelegate.swift in Sources */,
				B27F63581FA5E69700C2116F /* RunDataSummaryView.swift in Sources */,
				B25FE7B01F8A3A9C001B1BF1 /* PaceCalculator.swift in Sources */,
			);
			runOnlyForDeploymentPostprocessing = 0;
		};
		B2B055011F80C55600292EB3 /* Sources */ = {
			isa = PBXSourcesBuildPhase;
			buildActionMask = 2147483647;
			files = (
				B2C261071FA6299900E69E9D /* CoreDataHelper.swift in Sources */,
				B2B1B1961FC9D67000C579FE /* RunRatingTests.swift in Sources */,
				B2A9311C1FAF0553006FEACB /* MKMapViewExtensionsTests.swift in Sources */,
				B241D7261F8A94CB0067A91D /* RunTrackerTests.swift in Sources */,
				B2528DF71FF2477200FE3364 /* DurationsMock.swift in Sources */,
				B25DB237201E27170089144E /* AudioFeedbackControllerTests.swift in Sources */,
				B2A931241FAF11CE006FEACB /* MKCoordinateRegionExtensionsTests.swift in Sources */,
				B2528DF51FF2470B00FE3364 /* DistancesMock.swift in Sources */,
				B2534BB32147E73300EFEBFE /* RunProviderMock.swift in Sources */,
				B2534BB7214806D200EFEBFE /* CoreDataRunTests.swift in Sources */,
				B25FE7AC1F8A33B0001B1BF1 /* PaceFormatterTests.swift in Sources */,
				B2534BB921480BB700EFEBFE /* ManagedRunObjectTests.swift in Sources */,
				B204BCA9200A71540003E3FE /* AudioFeedbackTests.swift in Sources */,
				B25F2A6D2622093E00833AA1 /* DependencyContainerTests.swift in Sources */,
				B2562CEF2451029C0011B534 /* RunRepositoryTests.swift in Sources */,
				B2528DF31FF19DC800FE3364 /* RunStatisticsTextProviderTests.swift in Sources */,
				B27F190A257D9FD30061D3B9 /* CoreDataProviderTests.swift in Sources */,
				B2B1B1981FCA2B0E00C579FE /* RunProviderTests.swift in Sources */,
				B25FE7B61F8A514B001B1BF1 /* TimeFormatterTests.swift in Sources */,
				B229CC9F2250BC54002D4BE6 /* RunSectionTests.swift in Sources */,
				B2A931201FAF06F7006FEACB /* MKPolylineExtensionTests.swift in Sources */,
				B2F1C7391FC1A7D5001AC4DF /* DoubleExtensionsTests.swift in Sources */,
				B2C261051FA6275C00E69E9D /* RunTests.swift in Sources */,
				B2F1C72D1FC17EE5001AC4DF /* SettingsMock.swift in Sources */,
				B2534BBB21480C3800EFEBFE /* LocationSegmentExtensionsTests.swift in Sources */,
				B25FE7B41F8A513D001B1BF1 /* DistanceFormatterTests.swift in Sources */,
				B2BAAD5D20A45BA7000117FB /* SettingsTests.swift in Sources */,
			);
			runOnlyForDeploymentPostprocessing = 0;
		};
		B2B0550C1F80C55600292EB3 /* Sources */ = {
			isa = PBXSourcesBuildPhase;
			buildActionMask = 2147483647;
			files = (
				B2B055151F80C55600292EB3 /* RunometerUITests.swift in Sources */,
			);
			runOnlyForDeploymentPostprocessing = 0;
		};
/* End PBXSourcesBuildPhase section */

/* Begin PBXTargetDependency section */
		B2A268D325700F4B00C79AC2 /* PBXTargetDependency */ = {
			isa = PBXTargetDependency;
			target = B2A268C325700F4A00C79AC2 /* RunStatisticWidgetExtension */;
			targetProxy = B2A268D225700F4B00C79AC2 /* PBXContainerItemProxy */;
		};
		B2B055071F80C55600292EB3 /* PBXTargetDependency */ = {
			isa = PBXTargetDependency;
			target = B2B054ED1F80C55600292EB3 /* Runometer */;
			targetProxy = B2B055061F80C55600292EB3 /* PBXContainerItemProxy */;
		};
		B2B055121F80C55600292EB3 /* PBXTargetDependency */ = {
			isa = PBXTargetDependency;
			target = B2B054ED1F80C55600292EB3 /* Runometer */;
			targetProxy = B2B055111F80C55600292EB3 /* PBXContainerItemProxy */;
		};
/* End PBXTargetDependency section */

/* Begin PBXVariantGroup section */
		B2B054F51F80C55600292EB3 /* Main.storyboard */ = {
			isa = PBXVariantGroup;
			children = (
				B2B054F61F80C55600292EB3 /* Base */,
			);
			name = Main.storyboard;
			sourceTree = "<group>";
		};
		B2B054FD1F80C55600292EB3 /* LaunchScreen.storyboard */ = {
			isa = PBXVariantGroup;
			children = (
				B2B054FE1F80C55600292EB3 /* Base */,
			);
			name = LaunchScreen.storyboard;
			sourceTree = "<group>";
		};
/* End PBXVariantGroup section */

/* Begin XCBuildConfiguration section */
		B2A268D625700F4B00C79AC2 /* Debug */ = {
			isa = XCBuildConfiguration;
			buildSettings = {
				ASSETCATALOG_COMPILER_GLOBAL_ACCENT_COLOR_NAME = AccentColor;
				ASSETCATALOG_COMPILER_WIDGET_BACKGROUND_COLOR_NAME = WidgetBackground;
				CLANG_ENABLE_OBJC_WEAK = YES;
				CODE_SIGN_ENTITLEMENTS = RunStatisticWidgetExtension.entitlements;
				CODE_SIGN_IDENTITY = "Apple Development";
				CODE_SIGN_STYLE = Automatic;
				CURRENT_PROJECT_VERSION = 2;
				DEVELOPMENT_TEAM = FJG293K5T8;
				INFOPLIST_FILE = RunStatisticWidget/Info.plist;
				IPHONEOS_DEPLOYMENT_TARGET = 14.1;
				LD_RUNPATH_SEARCH_PATHS = "$(inherited) @executable_path/Frameworks @executable_path/../../Frameworks";
				MARKETING_VERSION = 2.4;
				MTL_ENABLE_DEBUG_INFO = INCLUDE_SOURCE;
				MTL_FAST_MATH = YES;
				PRODUCT_BUNDLE_IDENTIFIER = com.svantedahlberg.runtracker.RunStatisticWidget;
				PRODUCT_NAME = "$(TARGET_NAME)";
				PROVISIONING_PROFILE_SPECIFIER = "";
				SKIP_INSTALL = YES;
				SWIFT_VERSION = 5.0;
				TARGETED_DEVICE_FAMILY = "1,2";
			};
			name = Debug;
		};
		B2A268D725700F4B00C79AC2 /* Release */ = {
			isa = XCBuildConfiguration;
			buildSettings = {
				ASSETCATALOG_COMPILER_GLOBAL_ACCENT_COLOR_NAME = AccentColor;
				ASSETCATALOG_COMPILER_WIDGET_BACKGROUND_COLOR_NAME = WidgetBackground;
				CLANG_ENABLE_OBJC_WEAK = YES;
				CODE_SIGN_ENTITLEMENTS = RunStatisticWidgetExtension.entitlements;
				CODE_SIGN_IDENTITY = "Apple Development";
				CODE_SIGN_STYLE = Automatic;
				CURRENT_PROJECT_VERSION = 2;
				DEVELOPMENT_TEAM = FJG293K5T8;
				INFOPLIST_FILE = RunStatisticWidget/Info.plist;
				IPHONEOS_DEPLOYMENT_TARGET = 14.1;
				LD_RUNPATH_SEARCH_PATHS = "$(inherited) @executable_path/Frameworks @executable_path/../../Frameworks";
				MARKETING_VERSION = 2.4;
				MTL_FAST_MATH = YES;
				PRODUCT_BUNDLE_IDENTIFIER = com.svantedahlberg.runtracker.RunStatisticWidget;
				PRODUCT_NAME = "$(TARGET_NAME)";
				PROVISIONING_PROFILE_SPECIFIER = "";
				SKIP_INSTALL = YES;
				SWIFT_VERSION = 5.0;
				TARGETED_DEVICE_FAMILY = "1,2";
			};
			name = Release;
		};
		B2B055171F80C55600292EB3 /* Debug */ = {
			isa = XCBuildConfiguration;
			buildSettings = {
				ALWAYS_SEARCH_USER_PATHS = NO;
				CLANG_ANALYZER_NONNULL = YES;
				CLANG_ANALYZER_NUMBER_OBJECT_CONVERSION = YES_AGGRESSIVE;
				CLANG_CXX_LANGUAGE_STANDARD = "gnu++14";
				CLANG_CXX_LIBRARY = "libc++";
				CLANG_ENABLE_MODULES = YES;
				CLANG_ENABLE_OBJC_ARC = YES;
				CLANG_WARN_BLOCK_CAPTURE_AUTORELEASING = YES;
				CLANG_WARN_BOOL_CONVERSION = YES;
				CLANG_WARN_COMMA = YES;
				CLANG_WARN_CONSTANT_CONVERSION = YES;
				CLANG_WARN_DEPRECATED_OBJC_IMPLEMENTATIONS = YES;
				CLANG_WARN_DIRECT_OBJC_ISA_USAGE = YES_ERROR;
				CLANG_WARN_DOCUMENTATION_COMMENTS = YES;
				CLANG_WARN_EMPTY_BODY = YES;
				CLANG_WARN_ENUM_CONVERSION = YES;
				CLANG_WARN_INFINITE_RECURSION = YES;
				CLANG_WARN_INT_CONVERSION = YES;
				CLANG_WARN_NON_LITERAL_NULL_CONVERSION = YES;
				CLANG_WARN_OBJC_IMPLICIT_RETAIN_SELF = YES;
				CLANG_WARN_OBJC_LITERAL_CONVERSION = YES;
				CLANG_WARN_OBJC_ROOT_CLASS = YES_ERROR;
				CLANG_WARN_QUOTED_INCLUDE_IN_FRAMEWORK_HEADER = YES;
				CLANG_WARN_RANGE_LOOP_ANALYSIS = YES;
				CLANG_WARN_STRICT_PROTOTYPES = YES;
				CLANG_WARN_SUSPICIOUS_MOVE = YES;
				CLANG_WARN_UNGUARDED_AVAILABILITY = YES_AGGRESSIVE;
				CLANG_WARN_UNREACHABLE_CODE = YES;
				CLANG_WARN__DUPLICATE_METHOD_MATCH = YES;
				CODE_SIGN_IDENTITY = "iPhone Developer";
				COPY_PHASE_STRIP = NO;
				DEBUG_INFORMATION_FORMAT = dwarf;
				ENABLE_STRICT_OBJC_MSGSEND = YES;
				ENABLE_TESTABILITY = YES;
				GCC_C_LANGUAGE_STANDARD = gnu11;
				GCC_DYNAMIC_NO_PIC = NO;
				GCC_NO_COMMON_BLOCKS = YES;
				GCC_OPTIMIZATION_LEVEL = 0;
				GCC_PREPROCESSOR_DEFINITIONS = (
					"DEBUG=1",
					"$(inherited)",
				);
				GCC_WARN_64_TO_32_BIT_CONVERSION = YES;
				GCC_WARN_ABOUT_RETURN_TYPE = YES_ERROR;
				GCC_WARN_UNDECLARED_SELECTOR = YES;
				GCC_WARN_UNINITIALIZED_AUTOS = YES_AGGRESSIVE;
				GCC_WARN_UNUSED_FUNCTION = YES;
				GCC_WARN_UNUSED_VARIABLE = YES;
				IPHONEOS_DEPLOYMENT_TARGET = 12.1;
				MTL_ENABLE_DEBUG_INFO = YES;
				ONLY_ACTIVE_ARCH = YES;
				SDKROOT = iphoneos;
				SWIFT_ACTIVE_COMPILATION_CONDITIONS = DEBUG;
				SWIFT_OPTIMIZATION_LEVEL = "-Onone";
			};
			name = Debug;
		};
		B2B055181F80C55600292EB3 /* Release */ = {
			isa = XCBuildConfiguration;
			buildSettings = {
				ALWAYS_SEARCH_USER_PATHS = NO;
				CLANG_ANALYZER_NONNULL = YES;
				CLANG_ANALYZER_NUMBER_OBJECT_CONVERSION = YES_AGGRESSIVE;
				CLANG_CXX_LANGUAGE_STANDARD = "gnu++14";
				CLANG_CXX_LIBRARY = "libc++";
				CLANG_ENABLE_MODULES = YES;
				CLANG_ENABLE_OBJC_ARC = YES;
				CLANG_WARN_BLOCK_CAPTURE_AUTORELEASING = YES;
				CLANG_WARN_BOOL_CONVERSION = YES;
				CLANG_WARN_COMMA = YES;
				CLANG_WARN_CONSTANT_CONVERSION = YES;
				CLANG_WARN_DEPRECATED_OBJC_IMPLEMENTATIONS = YES;
				CLANG_WARN_DIRECT_OBJC_ISA_USAGE = YES_ERROR;
				CLANG_WARN_DOCUMENTATION_COMMENTS = YES;
				CLANG_WARN_EMPTY_BODY = YES;
				CLANG_WARN_ENUM_CONVERSION = YES;
				CLANG_WARN_INFINITE_RECURSION = YES;
				CLANG_WARN_INT_CONVERSION = YES;
				CLANG_WARN_NON_LITERAL_NULL_CONVERSION = YES;
				CLANG_WARN_OBJC_IMPLICIT_RETAIN_SELF = YES;
				CLANG_WARN_OBJC_LITERAL_CONVERSION = YES;
				CLANG_WARN_OBJC_ROOT_CLASS = YES_ERROR;
				CLANG_WARN_QUOTED_INCLUDE_IN_FRAMEWORK_HEADER = YES;
				CLANG_WARN_RANGE_LOOP_ANALYSIS = YES;
				CLANG_WARN_STRICT_PROTOTYPES = YES;
				CLANG_WARN_SUSPICIOUS_MOVE = YES;
				CLANG_WARN_UNGUARDED_AVAILABILITY = YES_AGGRESSIVE;
				CLANG_WARN_UNREACHABLE_CODE = YES;
				CLANG_WARN__DUPLICATE_METHOD_MATCH = YES;
				CODE_SIGN_IDENTITY = "iPhone Developer";
				COPY_PHASE_STRIP = NO;
				DEBUG_INFORMATION_FORMAT = "dwarf-with-dsym";
				ENABLE_NS_ASSERTIONS = NO;
				ENABLE_STRICT_OBJC_MSGSEND = YES;
				GCC_C_LANGUAGE_STANDARD = gnu11;
				GCC_NO_COMMON_BLOCKS = YES;
				GCC_WARN_64_TO_32_BIT_CONVERSION = YES;
				GCC_WARN_ABOUT_RETURN_TYPE = YES_ERROR;
				GCC_WARN_UNDECLARED_SELECTOR = YES;
				GCC_WARN_UNINITIALIZED_AUTOS = YES_AGGRESSIVE;
				GCC_WARN_UNUSED_FUNCTION = YES;
				GCC_WARN_UNUSED_VARIABLE = YES;
				IPHONEOS_DEPLOYMENT_TARGET = 12.1;
				MTL_ENABLE_DEBUG_INFO = NO;
				SDKROOT = iphoneos;
				SWIFT_OPTIMIZATION_LEVEL = "-Owholemodule";
				VALIDATE_PRODUCT = YES;
			};
			name = Release;
		};
		B2B0551A1F80C55600292EB3 /* Debug */ = {
			isa = XCBuildConfiguration;
			buildSettings = {
				ALWAYS_EMBED_SWIFT_STANDARD_LIBRARIES = YES;
				ASSETCATALOG_COMPILER_APPICON_NAME = AppIcon;
				CODE_SIGN_ENTITLEMENTS = Runometer/Runometer.entitlements;
				CODE_SIGN_IDENTITY = "Apple Development";
				CODE_SIGN_STYLE = Automatic;
				CURRENT_PROJECT_VERSION = 2;
				DEVELOPMENT_TEAM = FJG293K5T8;
				INFOPLIST_FILE = Runometer/Info.plist;
				IPHONEOS_DEPLOYMENT_TARGET = 12.1;
				LD_RUNPATH_SEARCH_PATHS = "$(inherited) @executable_path/Frameworks";
				MARKETING_VERSION = 2.4;
				PRODUCT_BUNDLE_IDENTIFIER = com.svantedahlberg.runtracker;
				PRODUCT_NAME = "$(TARGET_NAME)";
				PROVISIONING_PROFILE_SPECIFIER = "";
				SWIFT_VERSION = 5.0;
				TARGETED_DEVICE_FAMILY = 1;
			};
			name = Debug;
		};
		B2B0551B1F80C55600292EB3 /* Release */ = {
			isa = XCBuildConfiguration;
			buildSettings = {
				ALWAYS_EMBED_SWIFT_STANDARD_LIBRARIES = YES;
				ASSETCATALOG_COMPILER_APPICON_NAME = AppIcon;
				CODE_SIGN_ENTITLEMENTS = Runometer/Runometer.entitlements;
				CODE_SIGN_IDENTITY = "Apple Development";
				CODE_SIGN_STYLE = Automatic;
				CURRENT_PROJECT_VERSION = 2;
				DEVELOPMENT_TEAM = FJG293K5T8;
				INFOPLIST_FILE = Runometer/Info.plist;
				IPHONEOS_DEPLOYMENT_TARGET = 12.1;
				LD_RUNPATH_SEARCH_PATHS = "$(inherited) @executable_path/Frameworks";
				MARKETING_VERSION = 2.4;
				PRODUCT_BUNDLE_IDENTIFIER = com.svantedahlberg.runtracker;
				PRODUCT_NAME = "$(TARGET_NAME)";
				PROVISIONING_PROFILE_SPECIFIER = "";
				SWIFT_VERSION = 5.0;
				TARGETED_DEVICE_FAMILY = 1;
			};
			name = Release;
		};
		B2B0551D1F80C55600292EB3 /* Debug */ = {
			isa = XCBuildConfiguration;
			buildSettings = {
				ALWAYS_EMBED_SWIFT_STANDARD_LIBRARIES = YES;
				BUNDLE_LOADER = "$(TEST_HOST)";
				CODE_SIGN_STYLE = Automatic;
				DEVELOPMENT_TEAM = FJG293K5T8;
				INFOPLIST_FILE = RunometerTests/Info.plist;
				LD_RUNPATH_SEARCH_PATHS = "$(inherited) @executable_path/Frameworks @loader_path/Frameworks";
				PRODUCT_BUNDLE_IDENTIFIER = com.svantedahlberg.RunometerTests;
				PRODUCT_NAME = "$(TARGET_NAME)";
				SWIFT_VERSION = 5.0;
				TARGETED_DEVICE_FAMILY = "1,2";
				TEST_HOST = "$(BUILT_PRODUCTS_DIR)/Runometer.app/Runometer";
			};
			name = Debug;
		};
		B2B0551E1F80C55600292EB3 /* Release */ = {
			isa = XCBuildConfiguration;
			buildSettings = {
				ALWAYS_EMBED_SWIFT_STANDARD_LIBRARIES = YES;
				BUNDLE_LOADER = "$(TEST_HOST)";
				CODE_SIGN_STYLE = Automatic;
				DEVELOPMENT_TEAM = FJG293K5T8;
				INFOPLIST_FILE = RunometerTests/Info.plist;
				LD_RUNPATH_SEARCH_PATHS = "$(inherited) @executable_path/Frameworks @loader_path/Frameworks";
				PRODUCT_BUNDLE_IDENTIFIER = com.svantedahlberg.RunometerTests;
				PRODUCT_NAME = "$(TARGET_NAME)";
				SWIFT_VERSION = 5.0;
				TARGETED_DEVICE_FAMILY = "1,2";
				TEST_HOST = "$(BUILT_PRODUCTS_DIR)/Runometer.app/Runometer";
			};
			name = Release;
		};
		B2B055201F80C55600292EB3 /* Debug */ = {
			isa = XCBuildConfiguration;
			buildSettings = {
				ALWAYS_EMBED_SWIFT_STANDARD_LIBRARIES = YES;
				CODE_SIGN_STYLE = Automatic;
				DEVELOPMENT_TEAM = FJG293K5T8;
				INFOPLIST_FILE = RunometerUITests/Info.plist;
				LD_RUNPATH_SEARCH_PATHS = "$(inherited) @executable_path/Frameworks @loader_path/Frameworks";
				PRODUCT_BUNDLE_IDENTIFIER = com.svantedahlberg.RunometerUITests;
				PRODUCT_NAME = "$(TARGET_NAME)";
				SWIFT_VERSION = 5.0;
				TARGETED_DEVICE_FAMILY = "1,2";
				TEST_TARGET_NAME = Runometer;
			};
			name = Debug;
		};
		B2B055211F80C55600292EB3 /* Release */ = {
			isa = XCBuildConfiguration;
			buildSettings = {
				ALWAYS_EMBED_SWIFT_STANDARD_LIBRARIES = YES;
				CODE_SIGN_STYLE = Automatic;
				DEVELOPMENT_TEAM = FJG293K5T8;
				INFOPLIST_FILE = RunometerUITests/Info.plist;
				LD_RUNPATH_SEARCH_PATHS = "$(inherited) @executable_path/Frameworks @loader_path/Frameworks";
				PRODUCT_BUNDLE_IDENTIFIER = com.svantedahlberg.RunometerUITests;
				PRODUCT_NAME = "$(TARGET_NAME)";
				SWIFT_VERSION = 5.0;
				TARGETED_DEVICE_FAMILY = "1,2";
				TEST_TARGET_NAME = Runometer;
			};
			name = Release;
		};
/* End XCBuildConfiguration section */

/* Begin XCConfigurationList section */
		B2A268D825700F4B00C79AC2 /* Build configuration list for PBXNativeTarget "RunStatisticWidgetExtension" */ = {
			isa = XCConfigurationList;
			buildConfigurations = (
				B2A268D625700F4B00C79AC2 /* Debug */,
				B2A268D725700F4B00C79AC2 /* Release */,
			);
			defaultConfigurationIsVisible = 0;
			defaultConfigurationName = Release;
		};
		B2B054E91F80C55600292EB3 /* Build configuration list for PBXProject "Runometer" */ = {
			isa = XCConfigurationList;
			buildConfigurations = (
				B2B055171F80C55600292EB3 /* Debug */,
				B2B055181F80C55600292EB3 /* Release */,
			);
			defaultConfigurationIsVisible = 0;
			defaultConfigurationName = Release;
		};
		B2B055191F80C55600292EB3 /* Build configuration list for PBXNativeTarget "Runometer" */ = {
			isa = XCConfigurationList;
			buildConfigurations = (
				B2B0551A1F80C55600292EB3 /* Debug */,
				B2B0551B1F80C55600292EB3 /* Release */,
			);
			defaultConfigurationIsVisible = 0;
			defaultConfigurationName = Release;
		};
		B2B0551C1F80C55600292EB3 /* Build configuration list for PBXNativeTarget "RunometerTests" */ = {
			isa = XCConfigurationList;
			buildConfigurations = (
				B2B0551D1F80C55600292EB3 /* Debug */,
				B2B0551E1F80C55600292EB3 /* Release */,
			);
			defaultConfigurationIsVisible = 0;
			defaultConfigurationName = Release;
		};
		B2B0551F1F80C55600292EB3 /* Build configuration list for PBXNativeTarget "RunometerUITests" */ = {
			isa = XCConfigurationList;
			buildConfigurations = (
				B2B055201F80C55600292EB3 /* Debug */,
				B2B055211F80C55600292EB3 /* Release */,
			);
			defaultConfigurationIsVisible = 0;
			defaultConfigurationName = Release;
		};
/* End XCConfigurationList section */

/* Begin XCVersionGroup section */
		B2B054F81F80C55600292EB3 /* Runometer.xcdatamodeld */ = {
			isa = XCVersionGroup;
			children = (
				B2B054F91F80C55600292EB3 /* Runometer.xcdatamodel */,
			);
			currentVersion = B2B054F91F80C55600292EB3 /* Runometer.xcdatamodel */;
			path = Runometer.xcdatamodeld;
			sourceTree = "<group>";
			versionGroupType = wrapper.xcdatamodel;
		};
/* End XCVersionGroup section */
	};
	rootObject = B2B054E61F80C55600292EB3 /* Project object */;
}
