// !$*UTF8*$!
{
	archiveVersion = 1;
	classes = {
	};
	objectVersion = 48;
	objects = {

/* Begin PBXBuildFile section */
		B241D7261F8A94CB0067A91D /* RunTrackerTests.swift in Sources */ = {isa = PBXBuildFile; fileRef = B241D7251F8A94CB0067A91D /* RunTrackerTests.swift */; };
		B24956741F9C7BF8002DC83E /* CheckpointAnnotationView.swift in Sources */ = {isa = PBXBuildFile; fileRef = B24956731F9C7BF8002DC83E /* CheckpointAnnotationView.swift */; };
		B24956761FA4934B002DC83E /* CoreDataStack.swift in Sources */ = {isa = PBXBuildFile; fileRef = B24956751FA4934B002DC83E /* CoreDataStack.swift */; };
		B2528DEF1FF114C400FE3364 /* RunRatingPageViewController.swift in Sources */ = {isa = PBXBuildFile; fileRef = B2528DEE1FF114C400FE3364 /* RunRatingPageViewController.swift */; };
		B25FE7A21F88BCAC001B1BF1 /* HUDView.swift in Sources */ = {isa = PBXBuildFile; fileRef = B25FE7A11F88BCAC001B1BF1 /* HUDView.swift */; };
		B25FE7A61F88D934001B1BF1 /* DistanceFormatter.swift in Sources */ = {isa = PBXBuildFile; fileRef = B25FE7A51F88D934001B1BF1 /* DistanceFormatter.swift */; };
		B25FE7A81F88E661001B1BF1 /* TimeFormatter.swift in Sources */ = {isa = PBXBuildFile; fileRef = B25FE7A71F88E661001B1BF1 /* TimeFormatter.swift */; };
		B25FE7AA1F88E6F7001B1BF1 /* PaceFormatter.swift in Sources */ = {isa = PBXBuildFile; fileRef = B25FE7A91F88E6F7001B1BF1 /* PaceFormatter.swift */; };
		B25FE7AC1F8A33B0001B1BF1 /* PaceFormatterTests.swift in Sources */ = {isa = PBXBuildFile; fileRef = B25FE7AB1F8A33B0001B1BF1 /* PaceFormatterTests.swift */; };
		B25FE7B01F8A3A9C001B1BF1 /* PaceCalculator.swift in Sources */ = {isa = PBXBuildFile; fileRef = B25FE7AF1F8A3A9C001B1BF1 /* PaceCalculator.swift */; };
		B25FE7B21F8A5075001B1BF1 /* Units.swift in Sources */ = {isa = PBXBuildFile; fileRef = B25FE7B11F8A5075001B1BF1 /* Units.swift */; };
		B25FE7B41F8A513D001B1BF1 /* DistanceFormatterTests.swift in Sources */ = {isa = PBXBuildFile; fileRef = B25FE7B31F8A513D001B1BF1 /* DistanceFormatterTests.swift */; };
		B25FE7B61F8A514B001B1BF1 /* TimeFormatterTests.swift in Sources */ = {isa = PBXBuildFile; fileRef = B25FE7B51F8A514B001B1BF1 /* TimeFormatterTests.swift */; };
		B27F634D1FA5B9E700C2116F /* PastRunsViewController.swift in Sources */ = {isa = PBXBuildFile; fileRef = B27F634C1FA5B9E700C2116F /* PastRunsViewController.swift */; };
		B27F634F1FA5BA0200C2116F /* PastRuns.storyboard in Resources */ = {isa = PBXBuildFile; fileRef = B27F634E1FA5BA0200C2116F /* PastRuns.storyboard */; };
		B27F63511FA5BFA400C2116F /* PastRunTableViewCell.swift in Sources */ = {isa = PBXBuildFile; fileRef = B27F63501FA5BFA400C2116F /* PastRunTableViewCell.swift */; };
		B27F63541FA5CEA800C2116F /* RunDetailsViewController.swift in Sources */ = {isa = PBXBuildFile; fileRef = B27F63531FA5CEA800C2116F /* RunDetailsViewController.swift */; };
		B27F63561FA5CEB100C2116F /* RunDetails.storyboard in Resources */ = {isa = PBXBuildFile; fileRef = B27F63551FA5CEB100C2116F /* RunDetails.storyboard */; };
		B27F63581FA5E69700C2116F /* RunDataSummaryView.swift in Sources */ = {isa = PBXBuildFile; fileRef = B27F63571FA5E69700C2116F /* RunDataSummaryView.swift */; };
		B28F81BD1F93CE8C000BBA18 /* CheckpointAnnotation.swift in Sources */ = {isa = PBXBuildFile; fileRef = B28F81BC1F93CE8C000BBA18 /* CheckpointAnnotation.swift */; };
		B28F81BF1F93D888000BBA18 /* Checkpoint.swift in Sources */ = {isa = PBXBuildFile; fileRef = B28F81BE1F93D888000BBA18 /* Checkpoint.swift */; };
		B2A9311A1FADCA77006FEACB /* RunService.swift in Sources */ = {isa = PBXBuildFile; fileRef = B2A931191FADCA77006FEACB /* RunService.swift */; };
		B2A9311C1FAF0553006FEACB /* MKMapViewExtensionsTests.swift in Sources */ = {isa = PBXBuildFile; fileRef = B2A9311B1FAF0553006FEACB /* MKMapViewExtensionsTests.swift */; };
		B2A9311E1FAF06C5006FEACB /* MKPolyLineExtensions.swift in Sources */ = {isa = PBXBuildFile; fileRef = B2A9311D1FAF06C5006FEACB /* MKPolyLineExtensions.swift */; };
		B2A931201FAF06F7006FEACB /* MKPolylineExtensionTests.swift in Sources */ = {isa = PBXBuildFile; fileRef = B2A9311F1FAF06F7006FEACB /* MKPolylineExtensionTests.swift */; };
		B2A931221FAF0CD2006FEACB /* MKCoordinateRegionExtensions.swift in Sources */ = {isa = PBXBuildFile; fileRef = B2A931211FAF0CD2006FEACB /* MKCoordinateRegionExtensions.swift */; };
		B2A931241FAF11CE006FEACB /* MKCoordinateRegionExtensionsTests.swift in Sources */ = {isa = PBXBuildFile; fileRef = B2A931231FAF11CE006FEACB /* MKCoordinateRegionExtensionsTests.swift */; };
		B2B054F21F80C55600292EB3 /* AppDelegate.swift in Sources */ = {isa = PBXBuildFile; fileRef = B2B054F11F80C55600292EB3 /* AppDelegate.swift */; };
		B2B054F71F80C55600292EB3 /* Main.storyboard in Resources */ = {isa = PBXBuildFile; fileRef = B2B054F51F80C55600292EB3 /* Main.storyboard */; };
		B2B054FA1F80C55600292EB3 /* Runometer.xcdatamodeld in Sources */ = {isa = PBXBuildFile; fileRef = B2B054F81F80C55600292EB3 /* Runometer.xcdatamodeld */; };
		B2B054FC1F80C55600292EB3 /* Assets.xcassets in Resources */ = {isa = PBXBuildFile; fileRef = B2B054FB1F80C55600292EB3 /* Assets.xcassets */; };
		B2B054FF1F80C55600292EB3 /* LaunchScreen.storyboard in Resources */ = {isa = PBXBuildFile; fileRef = B2B054FD1F80C55600292EB3 /* LaunchScreen.storyboard */; };
		B2B055151F80C55600292EB3 /* RunometerUITests.swift in Sources */ = {isa = PBXBuildFile; fileRef = B2B055141F80C55600292EB3 /* RunometerUITests.swift */; };
		B2B055231F80D6A200292EB3 /* RunViewController.swift in Sources */ = {isa = PBXBuildFile; fileRef = B2B055221F80D6A200292EB3 /* RunViewController.swift */; };
		B2B055251F80D7B800292EB3 /* Run.storyboard in Resources */ = {isa = PBXBuildFile; fileRef = B2B055241F80D7B800292EB3 /* Run.storyboard */; };
		B2B055281F80E24E00292EB3 /* RunTracker.swift in Sources */ = {isa = PBXBuildFile; fileRef = B2B055271F80E24E00292EB3 /* RunTracker.swift */; };
		B2B1B18F1FC994DC00C579FE /* RunometerView.swift in Sources */ = {isa = PBXBuildFile; fileRef = B2B1B18E1FC994DC00C579FE /* RunometerView.swift */; };
		B2B1B1911FC997A200C579FE /* RunRatingViewController.swift in Sources */ = {isa = PBXBuildFile; fileRef = B2B1B1901FC997A200C579FE /* RunRatingViewController.swift */; };
		B2B1B1941FC9B7E500C579FE /* RunRating.swift in Sources */ = {isa = PBXBuildFile; fileRef = B2B1B1931FC9B7E500C579FE /* RunRating.swift */; };
		B2B1B1961FC9D67000C579FE /* RunRatingTests.swift in Sources */ = {isa = PBXBuildFile; fileRef = B2B1B1951FC9D67000C579FE /* RunRatingTests.swift */; };
		B2B1B1981FCA2B0E00C579FE /* RunServiceTests.swift in Sources */ = {isa = PBXBuildFile; fileRef = B2B1B1971FCA2B0E00C579FE /* RunServiceTests.swift */; };
		B2C260FF1FA5FD3100E69E9D /* MKMapViewExtensions.swift in Sources */ = {isa = PBXBuildFile; fileRef = B2C260FE1FA5FD3100E69E9D /* MKMapViewExtensions.swift */; };
		B2C261011FA5FF5A00E69E9D /* RunSummaryMapView.swift in Sources */ = {isa = PBXBuildFile; fileRef = B2C261001FA5FF5A00E69E9D /* RunSummaryMapView.swift */; };
		B2C261031FA6209100E69E9D /* RunExtensions.swift in Sources */ = {isa = PBXBuildFile; fileRef = B2C261021FA6209100E69E9D /* RunExtensions.swift */; };
		B2C261051FA6275C00E69E9D /* RunTests.swift in Sources */ = {isa = PBXBuildFile; fileRef = B2C261041FA6275C00E69E9D /* RunTests.swift */; };
		B2C261071FA6299900E69E9D /* CoreDataHelper.swift in Sources */ = {isa = PBXBuildFile; fileRef = B2C261061FA6299900E69E9D /* CoreDataHelper.swift */; };
		B2F1C7191FC05660001AC4DF /* SplitTimesViewController.swift in Sources */ = {isa = PBXBuildFile; fileRef = B2F1C7181FC05660001AC4DF /* SplitTimesViewController.swift */; };
		B2F1C71C1FC0AE41001AC4DF /* Settings.storyboard in Resources */ = {isa = PBXBuildFile; fileRef = B2F1C71B1FC0AE41001AC4DF /* Settings.storyboard */; };
		B2F1C71E1FC0AED2001AC4DF /* SettingsTableViewController.swift in Sources */ = {isa = PBXBuildFile; fileRef = B2F1C71D1FC0AED2001AC4DF /* SettingsTableViewController.swift */; };
		B2F1C7221FC0BDC8001AC4DF /* Settings.swift in Sources */ = {isa = PBXBuildFile; fileRef = B2F1C7211FC0BDC8001AC4DF /* Settings.swift */; };
		B2F1C7241FC0CE16001AC4DF /* AudioTrigger.swift in Sources */ = {isa = PBXBuildFile; fileRef = B2F1C7231FC0CE16001AC4DF /* AudioTrigger.swift */; };
		B2F1C72D1FC17EE5001AC4DF /* SettingsMock.swift in Sources */ = {isa = PBXBuildFile; fileRef = B2F1C72C1FC17EE5001AC4DF /* SettingsMock.swift */; };
		B2F1C7311FC18846001AC4DF /* AudioIntervalSelectionTableViewController.swift in Sources */ = {isa = PBXBuildFile; fileRef = B2F1C7301FC18846001AC4DF /* AudioIntervalSelectionTableViewController.swift */; };
		B2F1C7331FC19ABD001AC4DF /* AppConfiguration.swift in Sources */ = {isa = PBXBuildFile; fileRef = B2F1C7321FC19ABD001AC4DF /* AppConfiguration.swift */; };
		B2F1C7351FC19B6C001AC4DF /* AppConfigurationTests.swift in Sources */ = {isa = PBXBuildFile; fileRef = B2F1C7341FC19B6C001AC4DF /* AppConfigurationTests.swift */; };
		B2F1C7371FC1A544001AC4DF /* DoubleExtensions.swift in Sources */ = {isa = PBXBuildFile; fileRef = B2F1C7361FC1A544001AC4DF /* DoubleExtensions.swift */; };
		B2F1C7391FC1A7D5001AC4DF /* DoubleExtensionsTests.swift in Sources */ = {isa = PBXBuildFile; fileRef = B2F1C7381FC1A7D5001AC4DF /* DoubleExtensionsTests.swift */; };
/* End PBXBuildFile section */

/* Begin PBXContainerItemProxy section */
		B2B055061F80C55600292EB3 /* PBXContainerItemProxy */ = {
			isa = PBXContainerItemProxy;
			containerPortal = B2B054E61F80C55600292EB3 /* Project object */;
			proxyType = 1;
			remoteGlobalIDString = B2B054ED1F80C55600292EB3;
			remoteInfo = Runometer;
		};
		B2B055111F80C55600292EB3 /* PBXContainerItemProxy */ = {
			isa = PBXContainerItemProxy;
			containerPortal = B2B054E61F80C55600292EB3 /* Project object */;
			proxyType = 1;
			remoteGlobalIDString = B2B054ED1F80C55600292EB3;
			remoteInfo = Runometer;
		};
/* End PBXContainerItemProxy section */

/* Begin PBXFileReference section */
		B241D7251F8A94CB0067A91D /* RunTrackerTests.swift */ = {isa = PBXFileReference; lastKnownFileType = sourcecode.swift; path = RunTrackerTests.swift; sourceTree = "<group>"; };
		B24956731F9C7BF8002DC83E /* CheckpointAnnotationView.swift */ = {isa = PBXFileReference; lastKnownFileType = sourcecode.swift; path = CheckpointAnnotationView.swift; sourceTree = "<group>"; };
		B24956751FA4934B002DC83E /* CoreDataStack.swift */ = {isa = PBXFileReference; lastKnownFileType = sourcecode.swift; path = CoreDataStack.swift; sourceTree = "<group>"; };
		B2528DEE1FF114C400FE3364 /* RunRatingPageViewController.swift */ = {isa = PBXFileReference; lastKnownFileType = sourcecode.swift; path = RunRatingPageViewController.swift; sourceTree = "<group>"; };
		B25FE7A11F88BCAC001B1BF1 /* HUDView.swift */ = {isa = PBXFileReference; lastKnownFileType = sourcecode.swift; path = HUDView.swift; sourceTree = "<group>"; };
		B25FE7A51F88D934001B1BF1 /* DistanceFormatter.swift */ = {isa = PBXFileReference; lastKnownFileType = sourcecode.swift; path = DistanceFormatter.swift; sourceTree = "<group>"; };
		B25FE7A71F88E661001B1BF1 /* TimeFormatter.swift */ = {isa = PBXFileReference; lastKnownFileType = sourcecode.swift; path = TimeFormatter.swift; sourceTree = "<group>"; };
		B25FE7A91F88E6F7001B1BF1 /* PaceFormatter.swift */ = {isa = PBXFileReference; lastKnownFileType = sourcecode.swift; path = PaceFormatter.swift; sourceTree = "<group>"; };
		B25FE7AB1F8A33B0001B1BF1 /* PaceFormatterTests.swift */ = {isa = PBXFileReference; lastKnownFileType = sourcecode.swift; path = PaceFormatterTests.swift; sourceTree = "<group>"; };
		B25FE7AF1F8A3A9C001B1BF1 /* PaceCalculator.swift */ = {isa = PBXFileReference; lastKnownFileType = sourcecode.swift; path = PaceCalculator.swift; sourceTree = "<group>"; };
		B25FE7B11F8A5075001B1BF1 /* Units.swift */ = {isa = PBXFileReference; lastKnownFileType = sourcecode.swift; path = Units.swift; sourceTree = "<group>"; };
		B25FE7B31F8A513D001B1BF1 /* DistanceFormatterTests.swift */ = {isa = PBXFileReference; lastKnownFileType = sourcecode.swift; path = DistanceFormatterTests.swift; sourceTree = "<group>"; };
		B25FE7B51F8A514B001B1BF1 /* TimeFormatterTests.swift */ = {isa = PBXFileReference; lastKnownFileType = sourcecode.swift; path = TimeFormatterTests.swift; sourceTree = "<group>"; };
		B27F634C1FA5B9E700C2116F /* PastRunsViewController.swift */ = {isa = PBXFileReference; lastKnownFileType = sourcecode.swift; path = PastRunsViewController.swift; sourceTree = "<group>"; };
		B27F634E1FA5BA0200C2116F /* PastRuns.storyboard */ = {isa = PBXFileReference; lastKnownFileType = file.storyboard; path = PastRuns.storyboard; sourceTree = "<group>"; };
		B27F63501FA5BFA400C2116F /* PastRunTableViewCell.swift */ = {isa = PBXFileReference; lastKnownFileType = sourcecode.swift; path = PastRunTableViewCell.swift; sourceTree = "<group>"; };
		B27F63531FA5CEA800C2116F /* RunDetailsViewController.swift */ = {isa = PBXFileReference; lastKnownFileType = sourcecode.swift; path = RunDetailsViewController.swift; sourceTree = "<group>"; };
		B27F63551FA5CEB100C2116F /* RunDetails.storyboard */ = {isa = PBXFileReference; lastKnownFileType = file.storyboard; path = RunDetails.storyboard; sourceTree = "<group>"; };
		B27F63571FA5E69700C2116F /* RunDataSummaryView.swift */ = {isa = PBXFileReference; lastKnownFileType = sourcecode.swift; path = RunDataSummaryView.swift; sourceTree = "<group>"; };
		B28F81BC1F93CE8C000BBA18 /* CheckpointAnnotation.swift */ = {isa = PBXFileReference; lastKnownFileType = sourcecode.swift; path = CheckpointAnnotation.swift; sourceTree = "<group>"; };
		B28F81BE1F93D888000BBA18 /* Checkpoint.swift */ = {isa = PBXFileReference; lastKnownFileType = sourcecode.swift; path = Checkpoint.swift; sourceTree = "<group>"; };
		B2A931191FADCA77006FEACB /* RunService.swift */ = {isa = PBXFileReference; lastKnownFileType = sourcecode.swift; path = RunService.swift; sourceTree = "<group>"; };
		B2A9311B1FAF0553006FEACB /* MKMapViewExtensionsTests.swift */ = {isa = PBXFileReference; lastKnownFileType = sourcecode.swift; path = MKMapViewExtensionsTests.swift; sourceTree = "<group>"; };
		B2A9311D1FAF06C5006FEACB /* MKPolyLineExtensions.swift */ = {isa = PBXFileReference; lastKnownFileType = sourcecode.swift; path = MKPolyLineExtensions.swift; sourceTree = "<group>"; };
		B2A9311F1FAF06F7006FEACB /* MKPolylineExtensionTests.swift */ = {isa = PBXFileReference; lastKnownFileType = sourcecode.swift; path = MKPolylineExtensionTests.swift; sourceTree = "<group>"; };
		B2A931211FAF0CD2006FEACB /* MKCoordinateRegionExtensions.swift */ = {isa = PBXFileReference; lastKnownFileType = sourcecode.swift; path = MKCoordinateRegionExtensions.swift; sourceTree = "<group>"; };
		B2A931231FAF11CE006FEACB /* MKCoordinateRegionExtensionsTests.swift */ = {isa = PBXFileReference; lastKnownFileType = sourcecode.swift; path = MKCoordinateRegionExtensionsTests.swift; sourceTree = "<group>"; };
		B2B054EE1F80C55600292EB3 /* Runometer.app */ = {isa = PBXFileReference; explicitFileType = wrapper.application; includeInIndex = 0; path = Runometer.app; sourceTree = BUILT_PRODUCTS_DIR; };
		B2B054F11F80C55600292EB3 /* AppDelegate.swift */ = {isa = PBXFileReference; lastKnownFileType = sourcecode.swift; path = AppDelegate.swift; sourceTree = "<group>"; };
		B2B054F61F80C55600292EB3 /* Base */ = {isa = PBXFileReference; lastKnownFileType = file.storyboard; name = Base; path = Base.lproj/Main.storyboard; sourceTree = "<group>"; };
		B2B054F91F80C55600292EB3 /* Runometer.xcdatamodel */ = {isa = PBXFileReference; lastKnownFileType = wrapper.xcdatamodel; path = Runometer.xcdatamodel; sourceTree = "<group>"; };
		B2B054FB1F80C55600292EB3 /* Assets.xcassets */ = {isa = PBXFileReference; lastKnownFileType = folder.assetcatalog; path = Assets.xcassets; sourceTree = "<group>"; };
		B2B054FE1F80C55600292EB3 /* Base */ = {isa = PBXFileReference; lastKnownFileType = file.storyboard; name = Base; path = Base.lproj/LaunchScreen.storyboard; sourceTree = "<group>"; };
		B2B055001F80C55600292EB3 /* Info.plist */ = {isa = PBXFileReference; lastKnownFileType = text.plist.xml; path = Info.plist; sourceTree = "<group>"; };
		B2B055051F80C55600292EB3 /* RunometerTests.xctest */ = {isa = PBXFileReference; explicitFileType = wrapper.cfbundle; includeInIndex = 0; path = RunometerTests.xctest; sourceTree = BUILT_PRODUCTS_DIR; };
		B2B0550B1F80C55600292EB3 /* Info.plist */ = {isa = PBXFileReference; lastKnownFileType = text.plist.xml; path = Info.plist; sourceTree = "<group>"; };
		B2B055101F80C55600292EB3 /* RunometerUITests.xctest */ = {isa = PBXFileReference; explicitFileType = wrapper.cfbundle; includeInIndex = 0; path = RunometerUITests.xctest; sourceTree = BUILT_PRODUCTS_DIR; };
		B2B055141F80C55600292EB3 /* RunometerUITests.swift */ = {isa = PBXFileReference; lastKnownFileType = sourcecode.swift; path = RunometerUITests.swift; sourceTree = "<group>"; };
		B2B055161F80C55600292EB3 /* Info.plist */ = {isa = PBXFileReference; lastKnownFileType = text.plist.xml; path = Info.plist; sourceTree = "<group>"; };
		B2B055221F80D6A200292EB3 /* RunViewController.swift */ = {isa = PBXFileReference; lastKnownFileType = sourcecode.swift; path = RunViewController.swift; sourceTree = "<group>"; };
		B2B055241F80D7B800292EB3 /* Run.storyboard */ = {isa = PBXFileReference; lastKnownFileType = file.storyboard; path = Run.storyboard; sourceTree = "<group>"; };
		B2B055271F80E24E00292EB3 /* RunTracker.swift */ = {isa = PBXFileReference; lastKnownFileType = sourcecode.swift; path = RunTracker.swift; sourceTree = "<group>"; };
		B2B1B18E1FC994DC00C579FE /* RunometerView.swift */ = {isa = PBXFileReference; lastKnownFileType = sourcecode.swift; path = RunometerView.swift; sourceTree = "<group>"; };
		B2B1B1901FC997A200C579FE /* RunRatingViewController.swift */ = {isa = PBXFileReference; lastKnownFileType = sourcecode.swift; path = RunRatingViewController.swift; sourceTree = "<group>"; };
		B2B1B1931FC9B7E500C579FE /* RunRating.swift */ = {isa = PBXFileReference; lastKnownFileType = sourcecode.swift; path = RunRating.swift; sourceTree = "<group>"; };
		B2B1B1951FC9D67000C579FE /* RunRatingTests.swift */ = {isa = PBXFileReference; lastKnownFileType = sourcecode.swift; path = RunRatingTests.swift; sourceTree = "<group>"; };
		B2B1B1971FCA2B0E00C579FE /* RunServiceTests.swift */ = {isa = PBXFileReference; lastKnownFileType = sourcecode.swift; path = RunServiceTests.swift; sourceTree = "<group>"; };
		B2C260FE1FA5FD3100E69E9D /* MKMapViewExtensions.swift */ = {isa = PBXFileReference; lastKnownFileType = sourcecode.swift; path = MKMapViewExtensions.swift; sourceTree = "<group>"; };
		B2C261001FA5FF5A00E69E9D /* RunSummaryMapView.swift */ = {isa = PBXFileReference; lastKnownFileType = sourcecode.swift; path = RunSummaryMapView.swift; sourceTree = "<group>"; };
		B2C261021FA6209100E69E9D /* RunExtensions.swift */ = {isa = PBXFileReference; lastKnownFileType = sourcecode.swift; path = RunExtensions.swift; sourceTree = "<group>"; };
		B2C261041FA6275C00E69E9D /* RunTests.swift */ = {isa = PBXFileReference; lastKnownFileType = sourcecode.swift; path = RunTests.swift; sourceTree = "<group>"; };
		B2C261061FA6299900E69E9D /* CoreDataHelper.swift */ = {isa = PBXFileReference; lastKnownFileType = sourcecode.swift; path = CoreDataHelper.swift; sourceTree = "<group>"; };
		B2F1C7181FC05660001AC4DF /* SplitTimesViewController.swift */ = {isa = PBXFileReference; lastKnownFileType = sourcecode.swift; path = SplitTimesViewController.swift; sourceTree = "<group>"; };
		B2F1C71B1FC0AE41001AC4DF /* Settings.storyboard */ = {isa = PBXFileReference; lastKnownFileType = file.storyboard; path = Settings.storyboard; sourceTree = "<group>"; };
		B2F1C71D1FC0AED2001AC4DF /* SettingsTableViewController.swift */ = {isa = PBXFileReference; lastKnownFileType = sourcecode.swift; path = SettingsTableViewController.swift; sourceTree = "<group>"; };
		B2F1C7211FC0BDC8001AC4DF /* Settings.swift */ = {isa = PBXFileReference; lastKnownFileType = sourcecode.swift; path = Settings.swift; sourceTree = "<group>"; };
		B2F1C7231FC0CE16001AC4DF /* AudioTrigger.swift */ = {isa = PBXFileReference; lastKnownFileType = sourcecode.swift; path = AudioTrigger.swift; sourceTree = "<group>"; };
		B2F1C72C1FC17EE5001AC4DF /* SettingsMock.swift */ = {isa = PBXFileReference; lastKnownFileType = sourcecode.swift; path = SettingsMock.swift; sourceTree = "<group>"; };
		B2F1C7301FC18846001AC4DF /* AudioIntervalSelectionTableViewController.swift */ = {isa = PBXFileReference; lastKnownFileType = sourcecode.swift; path = AudioIntervalSelectionTableViewController.swift; sourceTree = "<group>"; };
		B2F1C7321FC19ABD001AC4DF /* AppConfiguration.swift */ = {isa = PBXFileReference; lastKnownFileType = sourcecode.swift; path = AppConfiguration.swift; sourceTree = "<group>"; };
		B2F1C7341FC19B6C001AC4DF /* AppConfigurationTests.swift */ = {isa = PBXFileReference; lastKnownFileType = sourcecode.swift; path = AppConfigurationTests.swift; sourceTree = "<group>"; };
		B2F1C7361FC1A544001AC4DF /* DoubleExtensions.swift */ = {isa = PBXFileReference; lastKnownFileType = sourcecode.swift; path = DoubleExtensions.swift; sourceTree = "<group>"; };
		B2F1C7381FC1A7D5001AC4DF /* DoubleExtensionsTests.swift */ = {isa = PBXFileReference; lastKnownFileType = sourcecode.swift; path = DoubleExtensionsTests.swift; sourceTree = "<group>"; };
/* End PBXFileReference section */

/* Begin PBXFrameworksBuildPhase section */
		B2B054EB1F80C55600292EB3 /* Frameworks */ = {
			isa = PBXFrameworksBuildPhase;
			buildActionMask = 2147483647;
			files = (
			);
			runOnlyForDeploymentPostprocessing = 0;
		};
		B2B055021F80C55600292EB3 /* Frameworks */ = {
			isa = PBXFrameworksBuildPhase;
			buildActionMask = 2147483647;
			files = (
			);
			runOnlyForDeploymentPostprocessing = 0;
		};
		B2B0550D1F80C55600292EB3 /* Frameworks */ = {
			isa = PBXFrameworksBuildPhase;
			buildActionMask = 2147483647;
			files = (
			);
			runOnlyForDeploymentPostprocessing = 0;
		};
/* End PBXFrameworksBuildPhase section */

/* Begin PBXGroup section */
		B25FE79B1F815E66001B1BF1 /* ViewController */ = {
			isa = PBXGroup;
			children = (
				B2F1C71A1FC0AE28001AC4DF /* Settings */,
				B27F63521FA5CE9700C2116F /* Run details */,
				B27F634B1FA5B9CB00C2116F /* Past runs */,
				B2B055261F80D7C000292EB3 /* Run */,
			);
			path = ViewController;
			sourceTree = "<group>";
		};
		B25FE79C1F815E70001B1BF1 /* Model */ = {
			isa = PBXGroup;
			children = (
				B2B055271F80E24E00292EB3 /* RunTracker.swift */,
				B28F81BE1F93D888000BBA18 /* Checkpoint.swift */,
				B25FE7A51F88D934001B1BF1 /* DistanceFormatter.swift */,
				B25FE7A71F88E661001B1BF1 /* TimeFormatter.swift */,
				B25FE7A91F88E6F7001B1BF1 /* PaceFormatter.swift */,
				B25FE7AF1F8A3A9C001B1BF1 /* PaceCalculator.swift */,
				B25FE7B11F8A5075001B1BF1 /* Units.swift */,
				B2F1C7321FC19ABD001AC4DF /* AppConfiguration.swift */,
				B24956751FA4934B002DC83E /* CoreDataStack.swift */,
				B2C261021FA6209100E69E9D /* RunExtensions.swift */,
				B2A931191FADCA77006FEACB /* RunService.swift */,
				B2F1C7211FC0BDC8001AC4DF /* Settings.swift */,
				B2F1C7231FC0CE16001AC4DF /* AudioTrigger.swift */,
				B2F1C7361FC1A544001AC4DF /* DoubleExtensions.swift */,
				B2B1B1931FC9B7E500C579FE /* RunRating.swift */,
			);
			path = Model;
			sourceTree = "<group>";
		};
		B27F634B1FA5B9CB00C2116F /* Past runs */ = {
			isa = PBXGroup;
			children = (
				B27F634C1FA5B9E700C2116F /* PastRunsViewController.swift */,
				B27F63501FA5BFA400C2116F /* PastRunTableViewCell.swift */,
				B27F634E1FA5BA0200C2116F /* PastRuns.storyboard */,
			);
			path = "Past runs";
			sourceTree = "<group>";
		};
		B27F63521FA5CE9700C2116F /* Run details */ = {
			isa = PBXGroup;
			children = (
				B27F63531FA5CEA800C2116F /* RunDetailsViewController.swift */,
				B27F63551FA5CEB100C2116F /* RunDetails.storyboard */,
				B2C261001FA5FF5A00E69E9D /* RunSummaryMapView.swift */,
				B2A931211FAF0CD2006FEACB /* MKCoordinateRegionExtensions.swift */,
				B2A9311D1FAF06C5006FEACB /* MKPolyLineExtensions.swift */,
				B27F63571FA5E69700C2116F /* RunDataSummaryView.swift */,
				B2F1C7181FC05660001AC4DF /* SplitTimesViewController.swift */,
				B2B1B1921FC997AA00C579FE /* Run Rating */,
			);
			path = "Run details";
			sourceTree = "<group>";
		};
		B2B054E51F80C55600292EB3 = {
			isa = PBXGroup;
			children = (
				B2B054F01F80C55600292EB3 /* Runometer */,
				B2B055081F80C55600292EB3 /* RunometerTests */,
				B2B055131F80C55600292EB3 /* RunometerUITests */,
				B2B054EF1F80C55600292EB3 /* Products */,
			);
			sourceTree = "<group>";
		};
		B2B054EF1F80C55600292EB3 /* Products */ = {
			isa = PBXGroup;
			children = (
				B2B054EE1F80C55600292EB3 /* Runometer.app */,
				B2B055051F80C55600292EB3 /* RunometerTests.xctest */,
				B2B055101F80C55600292EB3 /* RunometerUITests.xctest */,
			);
			name = Products;
			sourceTree = "<group>";
		};
		B2B054F01F80C55600292EB3 /* Runometer */ = {
			isa = PBXGroup;
			children = (
				B2B054F11F80C55600292EB3 /* AppDelegate.swift */,
				B2B054F51F80C55600292EB3 /* Main.storyboard */,
				B25FE79C1F815E70001B1BF1 /* Model */,
				B25FE79B1F815E66001B1BF1 /* ViewController */,
				B2B054FB1F80C55600292EB3 /* Assets.xcassets */,
				B2B054FD1F80C55600292EB3 /* LaunchScreen.storyboard */,
				B2B055001F80C55600292EB3 /* Info.plist */,
				B2B054F81F80C55600292EB3 /* Runometer.xcdatamodeld */,
			);
			path = Runometer;
			sourceTree = "<group>";
		};
		B2B055081F80C55600292EB3 /* RunometerTests */ = {
			isa = PBXGroup;
			children = (
				B2F1C7291FC0E6D0001AC4DF /* Mocks */,
				B241D7251F8A94CB0067A91D /* RunTrackerTests.swift */,
				B2B1B1971FCA2B0E00C579FE /* RunServiceTests.swift */,
				B2B1B1951FC9D67000C579FE /* RunRatingTests.swift */,
				B2F1C7341FC19B6C001AC4DF /* AppConfigurationTests.swift */,
				B2F1C7381FC1A7D5001AC4DF /* DoubleExtensionsTests.swift */,
				B2A931231FAF11CE006FEACB /* MKCoordinateRegionExtensionsTests.swift */,
				B2A9311B1FAF0553006FEACB /* MKMapViewExtensionsTests.swift */,
				B2A9311F1FAF06F7006FEACB /* MKPolylineExtensionTests.swift */,
				B2C261041FA6275C00E69E9D /* RunTests.swift */,
				B2C261061FA6299900E69E9D /* CoreDataHelper.swift */,
				B25FE7AB1F8A33B0001B1BF1 /* PaceFormatterTests.swift */,
				B25FE7B31F8A513D001B1BF1 /* DistanceFormatterTests.swift */,
				B25FE7B51F8A514B001B1BF1 /* TimeFormatterTests.swift */,
				B2B0550B1F80C55600292EB3 /* Info.plist */,
			);
			path = RunometerTests;
			sourceTree = "<group>";
		};
		B2B055131F80C55600292EB3 /* RunometerUITests */ = {
			isa = PBXGroup;
			children = (
				B2B055141F80C55600292EB3 /* RunometerUITests.swift */,
				B2B055161F80C55600292EB3 /* Info.plist */,
			);
			path = RunometerUITests;
			sourceTree = "<group>";
		};
		B2B055261F80D7C000292EB3 /* Run */ = {
			isa = PBXGroup;
			children = (
				B2B055221F80D6A200292EB3 /* RunViewController.swift */,
				B28F81BC1F93CE8C000BBA18 /* CheckpointAnnotation.swift */,
				B24956731F9C7BF8002DC83E /* CheckpointAnnotationView.swift */,
				B2B055241F80D7B800292EB3 /* Run.storyboard */,
				B25FE7A11F88BCAC001B1BF1 /* HUDView.swift */,
				B2C260FE1FA5FD3100E69E9D /* MKMapViewExtensions.swift */,
			);
			path = Run;
			sourceTree = "<group>";
		};
		B2B1B1921FC997AA00C579FE /* Run Rating */ = {
			isa = PBXGroup;
			children = (
				B2528DEE1FF114C400FE3364 /* RunRatingPageViewController.swift */,
				B2B1B1901FC997A200C579FE /* RunRatingViewController.swift */,
				B2B1B18E1FC994DC00C579FE /* RunometerView.swift */,
			);
			path = "Run Rating";
			sourceTree = "<group>";
		};
		B2F1C71A1FC0AE28001AC4DF /* Settings */ = {
			isa = PBXGroup;
			children = (
				B2F1C71B1FC0AE41001AC4DF /* Settings.storyboard */,
				B2F1C71D1FC0AED2001AC4DF /* SettingsTableViewController.swift */,
				B2F1C7301FC18846001AC4DF /* AudioIntervalSelectionTableViewController.swift */,
			);
			path = Settings;
			sourceTree = "<group>";
		};
		B2F1C7291FC0E6D0001AC4DF /* Mocks */ = {
			isa = PBXGroup;
			children = (
				B2F1C72C1FC17EE5001AC4DF /* SettingsMock.swift */,
			);
			path = Mocks;
			sourceTree = "<group>";
		};
/* End PBXGroup section */

/* Begin PBXNativeTarget section */
		B2B054ED1F80C55600292EB3 /* Runometer */ = {
			isa = PBXNativeTarget;
			buildConfigurationList = B2B055191F80C55600292EB3 /* Build configuration list for PBXNativeTarget "Runometer" */;
			buildPhases = (
				B2B054EA1F80C55600292EB3 /* Sources */,
				B2B054EB1F80C55600292EB3 /* Frameworks */,
				B2B054EC1F80C55600292EB3 /* Resources */,
			);
			buildRules = (
			);
			dependencies = (
			);
			name = Runometer;
			productName = Runometer;
			productReference = B2B054EE1F80C55600292EB3 /* Runometer.app */;
			productType = "com.apple.product-type.application";
		};
		B2B055041F80C55600292EB3 /* RunometerTests */ = {
			isa = PBXNativeTarget;
			buildConfigurationList = B2B0551C1F80C55600292EB3 /* Build configuration list for PBXNativeTarget "RunometerTests" */;
			buildPhases = (
				B2B055011F80C55600292EB3 /* Sources */,
				B2B055021F80C55600292EB3 /* Frameworks */,
				B2B055031F80C55600292EB3 /* Resources */,
			);
			buildRules = (
			);
			dependencies = (
				B2B055071F80C55600292EB3 /* PBXTargetDependency */,
			);
			name = RunometerTests;
			productName = RunometerTests;
			productReference = B2B055051F80C55600292EB3 /* RunometerTests.xctest */;
			productType = "com.apple.product-type.bundle.unit-test";
		};
		B2B0550F1F80C55600292EB3 /* RunometerUITests */ = {
			isa = PBXNativeTarget;
			buildConfigurationList = B2B0551F1F80C55600292EB3 /* Build configuration list for PBXNativeTarget "RunometerUITests" */;
			buildPhases = (
				B2B0550C1F80C55600292EB3 /* Sources */,
				B2B0550D1F80C55600292EB3 /* Frameworks */,
				B2B0550E1F80C55600292EB3 /* Resources */,
			);
			buildRules = (
			);
			dependencies = (
				B2B055121F80C55600292EB3 /* PBXTargetDependency */,
			);
			name = RunometerUITests;
			productName = RunometerUITests;
			productReference = B2B055101F80C55600292EB3 /* RunometerUITests.xctest */;
			productType = "com.apple.product-type.bundle.ui-testing";
		};
/* End PBXNativeTarget section */

/* Begin PBXProject section */
		B2B054E61F80C55600292EB3 /* Project object */ = {
			isa = PBXProject;
			attributes = {
				LastSwiftUpdateCheck = 0900;
				LastUpgradeCheck = 0900;
				ORGANIZATIONNAME = "Svante Dahlberg";
				TargetAttributes = {
					B2B054ED1F80C55600292EB3 = {
						CreatedOnToolsVersion = 9.0;
						ProvisioningStyle = Automatic;
						SystemCapabilities = {
							com.apple.BackgroundModes = {
								enabled = 1;
							};
						};
					};
					B2B055041F80C55600292EB3 = {
						CreatedOnToolsVersion = 9.0;
						ProvisioningStyle = Automatic;
						TestTargetID = B2B054ED1F80C55600292EB3;
					};
					B2B0550F1F80C55600292EB3 = {
						CreatedOnToolsVersion = 9.0;
						ProvisioningStyle = Automatic;
						TestTargetID = B2B054ED1F80C55600292EB3;
					};
				};
			};
			buildConfigurationList = B2B054E91F80C55600292EB3 /* Build configuration list for PBXProject "Runometer" */;
			compatibilityVersion = "Xcode 8.0";
			developmentRegion = en;
			hasScannedForEncodings = 0;
			knownRegions = (
				en,
				Base,
			);
			mainGroup = B2B054E51F80C55600292EB3;
			productRefGroup = B2B054EF1F80C55600292EB3 /* Products */;
			projectDirPath = "";
			projectRoot = "";
			targets = (
				B2B054ED1F80C55600292EB3 /* Runometer */,
				B2B055041F80C55600292EB3 /* RunometerTests */,
				B2B0550F1F80C55600292EB3 /* RunometerUITests */,
			);
		};
/* End PBXProject section */

/* Begin PBXResourcesBuildPhase section */
		B2B054EC1F80C55600292EB3 /* Resources */ = {
			isa = PBXResourcesBuildPhase;
			buildActionMask = 2147483647;
			files = (
				B2B054FF1F80C55600292EB3 /* LaunchScreen.storyboard in Resources */,
				B2B054FC1F80C55600292EB3 /* Assets.xcassets in Resources */,
				B2B055251F80D7B800292EB3 /* Run.storyboard in Resources */,
				B27F63561FA5CEB100C2116F /* RunDetails.storyboard in Resources */,
				B27F634F1FA5BA0200C2116F /* PastRuns.storyboard in Resources */,
				B2B054F71F80C55600292EB3 /* Main.storyboard in Resources */,
				B2F1C71C1FC0AE41001AC4DF /* Settings.storyboard in Resources */,
			);
			runOnlyForDeploymentPostprocessing = 0;
		};
		B2B055031F80C55600292EB3 /* Resources */ = {
			isa = PBXResourcesBuildPhase;
			buildActionMask = 2147483647;
			files = (
			);
			runOnlyForDeploymentPostprocessing = 0;
		};
		B2B0550E1F80C55600292EB3 /* Resources */ = {
			isa = PBXResourcesBuildPhase;
			buildActionMask = 2147483647;
			files = (
			);
			runOnlyForDeploymentPostprocessing = 0;
		};
/* End PBXResourcesBuildPhase section */

/* Begin PBXSourcesBuildPhase section */
		B2B054EA1F80C55600292EB3 /* Sources */ = {
			isa = PBXSourcesBuildPhase;
			buildActionMask = 2147483647;
			files = (
				B24956761FA4934B002DC83E /* CoreDataStack.swift in Sources */,
				B27F63511FA5BFA400C2116F /* PastRunTableViewCell.swift in Sources */,
				B2528DEF1FF114C400FE3364 /* RunRatingPageViewController.swift in Sources */,
				B2A9311A1FADCA77006FEACB /* RunService.swift in Sources */,
				B2B055281F80E24E00292EB3 /* RunTracker.swift in Sources */,
				B2F1C7191FC05660001AC4DF /* SplitTimesViewController.swift in Sources */,
				B2B054FA1F80C55600292EB3 /* Runometer.xcdatamodeld in Sources */,
				B2B1B1941FC9B7E500C579FE /* RunRating.swift in Sources */,
				B25FE7A81F88E661001B1BF1 /* TimeFormatter.swift in Sources */,
				B2C261031FA6209100E69E9D /* RunExtensions.swift in Sources */,
				B2C260FF1FA5FD3100E69E9D /* MKMapViewExtensions.swift in Sources */,
				B24956741F9C7BF8002DC83E /* CheckpointAnnotationView.swift in Sources */,
				B2B1B18F1FC994DC00C579FE /* RunometerView.swift in Sources */,
				B2F1C7371FC1A544001AC4DF /* DoubleExtensions.swift in Sources */,
				B2F1C7331FC19ABD001AC4DF /* AppConfiguration.swift in Sources */,
				B2F1C7311FC18846001AC4DF /* AudioIntervalSelectionTableViewController.swift in Sources */,
				B27F634D1FA5B9E700C2116F /* PastRunsViewController.swift in Sources */,
				B25FE7B21F8A5075001B1BF1 /* Units.swift in Sources */,
				B25FE7AA1F88E6F7001B1BF1 /* PaceFormatter.swift in Sources */,
				B2B055231F80D6A200292EB3 /* RunViewController.swift in Sources */,
				B2A931221FAF0CD2006FEACB /* MKCoordinateRegionExtensions.swift in Sources */,
				B28F81BF1F93D888000BBA18 /* Checkpoint.swift in Sources */,
				B2F1C71E1FC0AED2001AC4DF /* SettingsTableViewController.swift in Sources */,
				B2F1C7221FC0BDC8001AC4DF /* Settings.swift in Sources */,
				B25FE7A61F88D934001B1BF1 /* DistanceFormatter.swift in Sources */,
				B2F1C7241FC0CE16001AC4DF /* AudioTrigger.swift in Sources */,
				B28F81BD1F93CE8C000BBA18 /* CheckpointAnnotation.swift in Sources */,
				B2A9311E1FAF06C5006FEACB /* MKPolyLineExtensions.swift in Sources */,
				B25FE7A21F88BCAC001B1BF1 /* HUDView.swift in Sources */,
				B2C261011FA5FF5A00E69E9D /* RunSummaryMapView.swift in Sources */,
				B27F63541FA5CEA800C2116F /* RunDetailsViewController.swift in Sources */,
				B2B054F21F80C55600292EB3 /* AppDelegate.swift in Sources */,
				B27F63581FA5E69700C2116F /* RunDataSummaryView.swift in Sources */,
				B25FE7B01F8A3A9C001B1BF1 /* PaceCalculator.swift in Sources */,
				B2B1B1911FC997A200C579FE /* RunRatingViewController.swift in Sources */,
			);
			runOnlyForDeploymentPostprocessing = 0;
		};
		B2B055011F80C55600292EB3 /* Sources */ = {
			isa = PBXSourcesBuildPhase;
			buildActionMask = 2147483647;
			files = (
				B2C261071FA6299900E69E9D /* CoreDataHelper.swift in Sources */,
				B2B1B1961FC9D67000C579FE /* RunRatingTests.swift in Sources */,
				B2A9311C1FAF0553006FEACB /* MKMapViewExtensionsTests.swift in Sources */,
				B241D7261F8A94CB0067A91D /* RunTrackerTests.swift in Sources */,
				B2F1C7351FC19B6C001AC4DF /* AppConfigurationTests.swift in Sources */,
				B2A931241FAF11CE006FEACB /* MKCoordinateRegionExtensionsTests.swift in Sources */,
				B25FE7AC1F8A33B0001B1BF1 /* PaceFormatterTests.swift in Sources */,
				B2B1B1981FCA2B0E00C579FE /* RunServiceTests.swift in Sources */,
				B25FE7B61F8A514B001B1BF1 /* TimeFormatterTests.swift in Sources */,
				B2A931201FAF06F7006FEACB /* MKPolylineExtensionTests.swift in Sources */,
				B2F1C7391FC1A7D5001AC4DF /* DoubleExtensionsTests.swift in Sources */,
				B2C261051FA6275C00E69E9D /* RunTests.swift in Sources */,
				B2F1C72D1FC17EE5001AC4DF /* SettingsMock.swift in Sources */,
				B25FE7B41F8A513D001B1BF1 /* DistanceFormatterTests.swift in Sources */,
			);
			runOnlyForDeploymentPostprocessing = 0;
		};
		B2B0550C1F80C55600292EB3 /* Sources */ = {
			isa = PBXSourcesBuildPhase;
			buildActionMask = 2147483647;
			files = (
				B2B055151F80C55600292EB3 /* RunometerUITests.swift in Sources */,
			);
			runOnlyForDeploymentPostprocessing = 0;
		};
/* End PBXSourcesBuildPhase section */

/* Begin PBXTargetDependency section */
		B2B055071F80C55600292EB3 /* PBXTargetDependency */ = {
			isa = PBXTargetDependency;
			target = B2B054ED1F80C55600292EB3 /* Runometer */;
			targetProxy = B2B055061F80C55600292EB3 /* PBXContainerItemProxy */;
		};
		B2B055121F80C55600292EB3 /* PBXTargetDependency */ = {
			isa = PBXTargetDependency;
			target = B2B054ED1F80C55600292EB3 /* Runometer */;
			targetProxy = B2B055111F80C55600292EB3 /* PBXContainerItemProxy */;
		};
/* End PBXTargetDependency section */

/* Begin PBXVariantGroup section */
		B2B054F51F80C55600292EB3 /* Main.storyboard */ = {
			isa = PBXVariantGroup;
			children = (
				B2B054F61F80C55600292EB3 /* Base */,
			);
			name = Main.storyboard;
			sourceTree = "<group>";
		};
		B2B054FD1F80C55600292EB3 /* LaunchScreen.storyboard */ = {
			isa = PBXVariantGroup;
			children = (
				B2B054FE1F80C55600292EB3 /* Base */,
			);
			name = LaunchScreen.storyboard;
			sourceTree = "<group>";
		};
/* End PBXVariantGroup section */

/* Begin XCBuildConfiguration section */
		B2B055171F80C55600292EB3 /* Debug */ = {
			isa = XCBuildConfiguration;
			buildSettings = {
				ALWAYS_SEARCH_USER_PATHS = NO;
				CLANG_ANALYZER_NONNULL = YES;
				CLANG_ANALYZER_NUMBER_OBJECT_CONVERSION = YES_AGGRESSIVE;
				CLANG_CXX_LANGUAGE_STANDARD = "gnu++14";
				CLANG_CXX_LIBRARY = "libc++";
				CLANG_ENABLE_MODULES = YES;
				CLANG_ENABLE_OBJC_ARC = YES;
				CLANG_WARN_BLOCK_CAPTURE_AUTORELEASING = YES;
				CLANG_WARN_BOOL_CONVERSION = YES;
				CLANG_WARN_COMMA = YES;
				CLANG_WARN_CONSTANT_CONVERSION = YES;
				CLANG_WARN_DIRECT_OBJC_ISA_USAGE = YES_ERROR;
				CLANG_WARN_DOCUMENTATION_COMMENTS = YES;
				CLANG_WARN_EMPTY_BODY = YES;
				CLANG_WARN_ENUM_CONVERSION = YES;
				CLANG_WARN_INFINITE_RECURSION = YES;
				CLANG_WARN_INT_CONVERSION = YES;
				CLANG_WARN_NON_LITERAL_NULL_CONVERSION = YES;
				CLANG_WARN_OBJC_LITERAL_CONVERSION = YES;
				CLANG_WARN_OBJC_ROOT_CLASS = YES_ERROR;
				CLANG_WARN_RANGE_LOOP_ANALYSIS = YES;
				CLANG_WARN_STRICT_PROTOTYPES = YES;
				CLANG_WARN_SUSPICIOUS_MOVE = YES;
				CLANG_WARN_UNGUARDED_AVAILABILITY = YES_AGGRESSIVE;
				CLANG_WARN_UNREACHABLE_CODE = YES;
				CLANG_WARN__DUPLICATE_METHOD_MATCH = YES;
				CODE_SIGN_IDENTITY = "iPhone Developer";
				COPY_PHASE_STRIP = NO;
				DEBUG_INFORMATION_FORMAT = dwarf;
				ENABLE_STRICT_OBJC_MSGSEND = YES;
				ENABLE_TESTABILITY = YES;
				GCC_C_LANGUAGE_STANDARD = gnu11;
				GCC_DYNAMIC_NO_PIC = NO;
				GCC_NO_COMMON_BLOCKS = YES;
				GCC_OPTIMIZATION_LEVEL = 0;
				GCC_PREPROCESSOR_DEFINITIONS = (
					"DEBUG=1",
					"$(inherited)",
				);
				GCC_WARN_64_TO_32_BIT_CONVERSION = YES;
				GCC_WARN_ABOUT_RETURN_TYPE = YES_ERROR;
				GCC_WARN_UNDECLARED_SELECTOR = YES;
				GCC_WARN_UNINITIALIZED_AUTOS = YES_AGGRESSIVE;
				GCC_WARN_UNUSED_FUNCTION = YES;
				GCC_WARN_UNUSED_VARIABLE = YES;
				IPHONEOS_DEPLOYMENT_TARGET = 11.0;
				MTL_ENABLE_DEBUG_INFO = YES;
				ONLY_ACTIVE_ARCH = YES;
				SDKROOT = iphoneos;
				SWIFT_ACTIVE_COMPILATION_CONDITIONS = DEBUG;
				SWIFT_OPTIMIZATION_LEVEL = "-Onone";
			};
			name = Debug;
		};
		B2B055181F80C55600292EB3 /* Release */ = {
			isa = XCBuildConfiguration;
			buildSettings = {
				ALWAYS_SEARCH_USER_PATHS = NO;
				CLANG_ANALYZER_NONNULL = YES;
				CLANG_ANALYZER_NUMBER_OBJECT_CONVERSION = YES_AGGRESSIVE;
				CLANG_CXX_LANGUAGE_STANDARD = "gnu++14";
				CLANG_CXX_LIBRARY = "libc++";
				CLANG_ENABLE_MODULES = YES;
				CLANG_ENABLE_OBJC_ARC = YES;
				CLANG_WARN_BLOCK_CAPTURE_AUTORELEASING = YES;
				CLANG_WARN_BOOL_CONVERSION = YES;
				CLANG_WARN_COMMA = YES;
				CLANG_WARN_CONSTANT_CONVERSION = YES;
				CLANG_WARN_DIRECT_OBJC_ISA_USAGE = YES_ERROR;
				CLANG_WARN_DOCUMENTATION_COMMENTS = YES;
				CLANG_WARN_EMPTY_BODY = YES;
				CLANG_WARN_ENUM_CONVERSION = YES;
				CLANG_WARN_INFINITE_RECURSION = YES;
				CLANG_WARN_INT_CONVERSION = YES;
				CLANG_WARN_NON_LITERAL_NULL_CONVERSION = YES;
				CLANG_WARN_OBJC_LITERAL_CONVERSION = YES;
				CLANG_WARN_OBJC_ROOT_CLASS = YES_ERROR;
				CLANG_WARN_RANGE_LOOP_ANALYSIS = YES;
				CLANG_WARN_STRICT_PROTOTYPES = YES;
				CLANG_WARN_SUSPICIOUS_MOVE = YES;
				CLANG_WARN_UNGUARDED_AVAILABILITY = YES_AGGRESSIVE;
				CLANG_WARN_UNREACHABLE_CODE = YES;
				CLANG_WARN__DUPLICATE_METHOD_MATCH = YES;
				CODE_SIGN_IDENTITY = "iPhone Developer";
				COPY_PHASE_STRIP = NO;
				DEBUG_INFORMATION_FORMAT = "dwarf-with-dsym";
				ENABLE_NS_ASSERTIONS = NO;
				ENABLE_STRICT_OBJC_MSGSEND = YES;
				GCC_C_LANGUAGE_STANDARD = gnu11;
				GCC_NO_COMMON_BLOCKS = YES;
				GCC_WARN_64_TO_32_BIT_CONVERSION = YES;
				GCC_WARN_ABOUT_RETURN_TYPE = YES_ERROR;
				GCC_WARN_UNDECLARED_SELECTOR = YES;
				GCC_WARN_UNINITIALIZED_AUTOS = YES_AGGRESSIVE;
				GCC_WARN_UNUSED_FUNCTION = YES;
				GCC_WARN_UNUSED_VARIABLE = YES;
				IPHONEOS_DEPLOYMENT_TARGET = 11.0;
				MTL_ENABLE_DEBUG_INFO = NO;
				SDKROOT = iphoneos;
				SWIFT_OPTIMIZATION_LEVEL = "-Owholemodule";
				VALIDATE_PRODUCT = YES;
			};
			name = Release;
		};
		B2B0551A1F80C55600292EB3 /* Debug */ = {
			isa = XCBuildConfiguration;
			buildSettings = {
				ASSETCATALOG_COMPILER_APPICON_NAME = AppIcon;
				CODE_SIGN_STYLE = Automatic;
				DEVELOPMENT_TEAM = FJG293K5T8;
				INFOPLIST_FILE = Runometer/Info.plist;
				LD_RUNPATH_SEARCH_PATHS = "$(inherited) @executable_path/Frameworks";
				PRODUCT_BUNDLE_IDENTIFIER = com.svantedahlberg.Runometer;
				PRODUCT_NAME = "$(TARGET_NAME)";
				SWIFT_VERSION = 4.0;
				TARGETED_DEVICE_FAMILY = "1,2";
			};
			name = Debug;
		};
		B2B0551B1F80C55600292EB3 /* Release */ = {
			isa = XCBuildConfiguration;
			buildSettings = {
				ASSETCATALOG_COMPILER_APPICON_NAME = AppIcon;
				CODE_SIGN_STYLE = Automatic;
				DEVELOPMENT_TEAM = FJG293K5T8;
				INFOPLIST_FILE = Runometer/Info.plist;
				LD_RUNPATH_SEARCH_PATHS = "$(inherited) @executable_path/Frameworks";
				PRODUCT_BUNDLE_IDENTIFIER = com.svantedahlberg.Runometer;
				PRODUCT_NAME = "$(TARGET_NAME)";
				SWIFT_VERSION = 4.0;
				TARGETED_DEVICE_FAMILY = "1,2";
			};
			name = Release;
		};
		B2B0551D1F80C55600292EB3 /* Debug */ = {
			isa = XCBuildConfiguration;
			buildSettings = {
				ALWAYS_EMBED_SWIFT_STANDARD_LIBRARIES = YES;
				BUNDLE_LOADER = "$(TEST_HOST)";
				CODE_SIGN_STYLE = Automatic;
				DEVELOPMENT_TEAM = FJG293K5T8;
				INFOPLIST_FILE = RunometerTests/Info.plist;
				LD_RUNPATH_SEARCH_PATHS = "$(inherited) @executable_path/Frameworks @loader_path/Frameworks";
				PRODUCT_BUNDLE_IDENTIFIER = com.svantedahlberg.RunometerTests;
				PRODUCT_NAME = "$(TARGET_NAME)";
				SWIFT_VERSION = 4.0;
				TARGETED_DEVICE_FAMILY = "1,2";
				TEST_HOST = "$(BUILT_PRODUCTS_DIR)/Runometer.app/Runometer";
			};
			name = Debug;
		};
		B2B0551E1F80C55600292EB3 /* Release */ = {
			isa = XCBuildConfiguration;
			buildSettings = {
				ALWAYS_EMBED_SWIFT_STANDARD_LIBRARIES = YES;
				BUNDLE_LOADER = "$(TEST_HOST)";
				CODE_SIGN_STYLE = Automatic;
				DEVELOPMENT_TEAM = FJG293K5T8;
				INFOPLIST_FILE = RunometerTests/Info.plist;
				LD_RUNPATH_SEARCH_PATHS = "$(inherited) @executable_path/Frameworks @loader_path/Frameworks";
				PRODUCT_BUNDLE_IDENTIFIER = com.svantedahlberg.RunometerTests;
				PRODUCT_NAME = "$(TARGET_NAME)";
				SWIFT_VERSION = 4.0;
				TARGETED_DEVICE_FAMILY = "1,2";
				TEST_HOST = "$(BUILT_PRODUCTS_DIR)/Runometer.app/Runometer";
			};
			name = Release;
		};
		B2B055201F80C55600292EB3 /* Debug */ = {
			isa = XCBuildConfiguration;
			buildSettings = {
				ALWAYS_EMBED_SWIFT_STANDARD_LIBRARIES = YES;
				CODE_SIGN_STYLE = Automatic;
				DEVELOPMENT_TEAM = FJG293K5T8;
				INFOPLIST_FILE = RunometerUITests/Info.plist;
				LD_RUNPATH_SEARCH_PATHS = "$(inherited) @executable_path/Frameworks @loader_path/Frameworks";
				PRODUCT_BUNDLE_IDENTIFIER = com.svantedahlberg.RunometerUITests;
				PRODUCT_NAME = "$(TARGET_NAME)";
				SWIFT_VERSION = 4.0;
				TARGETED_DEVICE_FAMILY = "1,2";
				TEST_TARGET_NAME = Runometer;
			};
			name = Debug;
		};
		B2B055211F80C55600292EB3 /* Release */ = {
			isa = XCBuildConfiguration;
			buildSettings = {
				ALWAYS_EMBED_SWIFT_STANDARD_LIBRARIES = YES;
				CODE_SIGN_STYLE = Automatic;
				DEVELOPMENT_TEAM = FJG293K5T8;
				INFOPLIST_FILE = RunometerUITests/Info.plist;
				LD_RUNPATH_SEARCH_PATHS = "$(inherited) @executable_path/Frameworks @loader_path/Frameworks";
				PRODUCT_BUNDLE_IDENTIFIER = com.svantedahlberg.RunometerUITests;
				PRODUCT_NAME = "$(TARGET_NAME)";
				SWIFT_VERSION = 4.0;
				TARGETED_DEVICE_FAMILY = "1,2";
				TEST_TARGET_NAME = Runometer;
			};
			name = Release;
		};
/* End XCBuildConfiguration section */

/* Begin XCConfigurationList section */
		B2B054E91F80C55600292EB3 /* Build configuration list for PBXProject "Runometer" */ = {
			isa = XCConfigurationList;
			buildConfigurations = (
				B2B055171F80C55600292EB3 /* Debug */,
				B2B055181F80C55600292EB3 /* Release */,
			);
			defaultConfigurationIsVisible = 0;
			defaultConfigurationName = Release;
		};
		B2B055191F80C55600292EB3 /* Build configuration list for PBXNativeTarget "Runometer" */ = {
			isa = XCConfigurationList;
			buildConfigurations = (
				B2B0551A1F80C55600292EB3 /* Debug */,
				B2B0551B1F80C55600292EB3 /* Release */,
			);
			defaultConfigurationIsVisible = 0;
			defaultConfigurationName = Release;
		};
		B2B0551C1F80C55600292EB3 /* Build configuration list for PBXNativeTarget "RunometerTests" */ = {
			isa = XCConfigurationList;
			buildConfigurations = (
				B2B0551D1F80C55600292EB3 /* Debug */,
				B2B0551E1F80C55600292EB3 /* Release */,
			);
			defaultConfigurationIsVisible = 0;
			defaultConfigurationName = Release;
		};
		B2B0551F1F80C55600292EB3 /* Build configuration list for PBXNativeTarget "RunometerUITests" */ = {
			isa = XCConfigurationList;
			buildConfigurations = (
				B2B055201F80C55600292EB3 /* Debug */,
				B2B055211F80C55600292EB3 /* Release */,
			);
			defaultConfigurationIsVisible = 0;
			defaultConfigurationName = Release;
		};
/* End XCConfigurationList section */

/* Begin XCVersionGroup section */
		B2B054F81F80C55600292EB3 /* Runometer.xcdatamodeld */ = {
			isa = XCVersionGroup;
			children = (
				B2B054F91F80C55600292EB3 /* Runometer.xcdatamodel */,
			);
			currentVersion = B2B054F91F80C55600292EB3 /* Runometer.xcdatamodel */;
			path = Runometer.xcdatamodeld;
			sourceTree = "<group>";
			versionGroupType = wrapper.xcdatamodel;
		};
/* End XCVersionGroup section */
	};
	rootObject = B2B054E61F80C55600292EB3 /* Project object */;
}
